// !$*UTF8*$!
{
	archiveVersion = 1;
	classes = {
	};
	objectVersion = 55;
	objects = {

/* Begin PBXBuildFile section */
		015B0D0F2B6DEA7A243B75FE /* Pods_WallapopCodingChallengeUITests.framework in Frameworks */ = {isa = PBXBuildFile; fileRef = C6F758B6454BC412D5898875 /* Pods_WallapopCodingChallengeUITests.framework */; };
		17104A61283E907200DAAFC1 /* AppDelegate.swift in Sources */ = {isa = PBXBuildFile; fileRef = 17104A60283E907200DAAFC1 /* AppDelegate.swift */; };
		17104A65283E907200DAAFC1 /* HomeViewController.swift in Sources */ = {isa = PBXBuildFile; fileRef = 17104A64283E907200DAAFC1 /* HomeViewController.swift */; };
		17104A6A283E907400DAAFC1 /* Assets.xcassets in Resources */ = {isa = PBXBuildFile; fileRef = 17104A69283E907400DAAFC1 /* Assets.xcassets */; };
		17104A6D283E907400DAAFC1 /* LaunchScreen.storyboard in Resources */ = {isa = PBXBuildFile; fileRef = 17104A6B283E907400DAAFC1 /* LaunchScreen.storyboard */; };
		17104A78283E907500DAAFC1 /* WallapopCodingChallengeTests.swift in Sources */ = {isa = PBXBuildFile; fileRef = 17104A77283E907500DAAFC1 /* WallapopCodingChallengeTests.swift */; };
		17104A82283E907500DAAFC1 /* WallapopCodingChallengeUITests.swift in Sources */ = {isa = PBXBuildFile; fileRef = 17104A81283E907500DAAFC1 /* WallapopCodingChallengeUITests.swift */; };
		17104A84283E907500DAAFC1 /* WallapopCodingChallengeUITestsLaunchTests.swift in Sources */ = {isa = PBXBuildFile; fileRef = 17104A83283E907500DAAFC1 /* WallapopCodingChallengeUITestsLaunchTests.swift */; };
		17104A92283E9CA900DAAFC1 /* Credentials.swift in Sources */ = {isa = PBXBuildFile; fileRef = 17104A91283E9CA900DAAFC1 /* Credentials.swift */; };
		17153CB92842069E00D91A0B /* HashGenerator.swift in Sources */ = {isa = PBXBuildFile; fileRef = 17153CB82842069E00D91A0B /* HashGenerator.swift */; };
		17153CBC284207C800D91A0B /* MarvelService.swift in Sources */ = {isa = PBXBuildFile; fileRef = 17153CBB284207C800D91A0B /* MarvelService.swift */; };
		17153CBF28420AA000D91A0B /* MarvelCharacterResult.swift in Sources */ = {isa = PBXBuildFile; fileRef = 17153CBE28420AA000D91A0B /* MarvelCharacterResult.swift */; };
		17153CC128420B6300D91A0B /* MarvelData.swift in Sources */ = {isa = PBXBuildFile; fileRef = 17153CC028420B6300D91A0B /* MarvelData.swift */; };
		17153CC328420E2A00D91A0B /* MarvelCharacter.swift in Sources */ = {isa = PBXBuildFile; fileRef = 17153CC228420E2900D91A0B /* MarvelCharacter.swift */; };
		17153CC528421A3300D91A0B /* Thumbnail.swift in Sources */ = {isa = PBXBuildFile; fileRef = 17153CC428421A3300D91A0B /* Thumbnail.swift */; };
		17153CC828421CCF00D91A0B /* ThumbnailType.swift in Sources */ = {isa = PBXBuildFile; fileRef = 17153CC728421CCF00D91A0B /* ThumbnailType.swift */; };
		17153CCA28421D0200D91A0B /* Comics.swift in Sources */ = {isa = PBXBuildFile; fileRef = 17153CC928421D0200D91A0B /* Comics.swift */; };
		17153CCC28421F0400D91A0B /* Series.swift in Sources */ = {isa = PBXBuildFile; fileRef = 17153CCB28421F0400D91A0B /* Series.swift */; };
		17153CCE28421F6700D91A0B /* Stories.swift in Sources */ = {isa = PBXBuildFile; fileRef = 17153CCD28421F6700D91A0B /* Stories.swift */; };
		17153CD028422E0400D91A0B /* Events.swift in Sources */ = {isa = PBXBuildFile; fileRef = 17153CCF28422E0400D91A0B /* Events.swift */; };
		17153CD228422E7900D91A0B /* MarvelURLType.swift in Sources */ = {isa = PBXBuildFile; fileRef = 17153CD128422E7900D91A0B /* MarvelURLType.swift */; };
		17153CD428422EA200D91A0B /* MarvelURL.swift in Sources */ = {isa = PBXBuildFile; fileRef = 17153CD328422EA200D91A0B /* MarvelURL.swift */; };
		17153CD628422EDE00D91A0B /* Resource.swift in Sources */ = {isa = PBXBuildFile; fileRef = 17153CD528422EDE00D91A0B /* Resource.swift */; };
		17153CD92842318C00D91A0B /* String+Extension.swift in Sources */ = {isa = PBXBuildFile; fileRef = 17153CD82842318C00D91A0B /* String+Extension.swift */; };
		17153CDC284233CE00D91A0B /* CatalogViewModel.swift in Sources */ = {isa = PBXBuildFile; fileRef = 17153CDB284233CE00D91A0B /* CatalogViewModel.swift */; };
		17153CDE28423E9600D91A0B /* CatalogTableViewCellViewModel.swift in Sources */ = {isa = PBXBuildFile; fileRef = 17153CDD28423E9600D91A0B /* CatalogTableViewCellViewModel.swift */; };
		17153CE0284244F200D91A0B /* CatalogDetailViewModel.swift in Sources */ = {isa = PBXBuildFile; fileRef = 17153CDF284244F200D91A0B /* CatalogDetailViewModel.swift */; };
		17153CE22842530900D91A0B /* UIView+Extension.swift in Sources */ = {isa = PBXBuildFile; fileRef = 17153CE12842530900D91A0B /* UIView+Extension.swift */; };
		17153CE5284267FF00D91A0B /* HomeViewController+UI.swift in Sources */ = {isa = PBXBuildFile; fileRef = 17153CE4284267FF00D91A0B /* HomeViewController+UI.swift */; };
		17153CE7284268CF00D91A0B /* HomeViewController+Configuration+Functionality.swift in Sources */ = {isa = PBXBuildFile; fileRef = 17153CE6284268CF00D91A0B /* HomeViewController+Configuration+Functionality.swift */; };
		17153CE928426EB400D91A0B /* HomeViewController+UITableViewDataSource+UITableViewDelegate.swift in Sources */ = {isa = PBXBuildFile; fileRef = 17153CE828426EB400D91A0B /* HomeViewController+UITableViewDataSource+UITableViewDelegate.swift */; };
		17153CEC284276D200D91A0B /* CatalogTableViewCell.swift in Sources */ = {isa = PBXBuildFile; fileRef = 17153CEB284276D200D91A0B /* CatalogTableViewCell.swift */; };
		17153CEE284284DD00D91A0B /* UIImageView+Extension.swift in Sources */ = {isa = PBXBuildFile; fileRef = 17153CED284284DD00D91A0B /* UIImageView+Extension.swift */; };
		17153CF0284291A100D91A0B /* HomeViewController+UISearchControllerDelegate+UISearchBarDelegate+UISearchResultsUpdating.swift in Sources */ = {isa = PBXBuildFile; fileRef = 17153CEF284291A100D91A0B /* HomeViewController+UISearchControllerDelegate+UISearchBarDelegate+UISearchResultsUpdating.swift */; };
		1732C79B2846672D0032E1C6 /* UIColor+Extension.swift in Sources */ = {isa = PBXBuildFile; fileRef = 1732C79A2846672D0032E1C6 /* UIColor+Extension.swift */; };
		1783AA162843726800CD04FC /* DetailViewController.swift in Sources */ = {isa = PBXBuildFile; fileRef = 1783AA152843726800CD04FC /* DetailViewController.swift */; };
		17BCECB628437A85008248B5 /* DetailViewController+UI.swift in Sources */ = {isa = PBXBuildFile; fileRef = 17BCECB528437A85008248B5 /* DetailViewController+UI.swift */; };
		17BCECB828437B5D008248B5 /* DetailViewController+Configuration+Functionality.swift in Sources */ = {isa = PBXBuildFile; fileRef = 17BCECB728437B5D008248B5 /* DetailViewController+Configuration+Functionality.swift */; };
		17BCECBD28437D4F008248B5 /* NavigationItem.swift in Sources */ = {isa = PBXBuildFile; fileRef = 17BCECBC28437D4F008248B5 /* NavigationItem.swift */; };
		17BCECBF28437D8D008248B5 /* NavigableViewController.swift in Sources */ = {isa = PBXBuildFile; fileRef = 17BCECBE28437D8D008248B5 /* NavigableViewController.swift */; };
		17BCECC128439336008248B5 /* UIFont+Extension.swift in Sources */ = {isa = PBXBuildFile; fileRef = 17BCECC028439336008248B5 /* UIFont+Extension.swift */; };
		17D048972846A23200759E6E /* String+ExtensionTest.swift in Sources */ = {isa = PBXBuildFile; fileRef = 17D048962846A23200759E6E /* String+ExtensionTest.swift */; };
		17D048992846A2E600759E6E /* UIImage+ExtensionTest.swift in Sources */ = {isa = PBXBuildFile; fileRef = 17D048982846A2E600759E6E /* UIImage+ExtensionTest.swift */; };
		17D0489B2846A50900759E6E /* UIImage+Extension.swift in Sources */ = {isa = PBXBuildFile; fileRef = 17D0489A2846A50900759E6E /* UIImage+Extension.swift */; };
		17D0489D2846AF6800759E6E /* UIView+ExtensionTest.swift in Sources */ = {isa = PBXBuildFile; fileRef = 17D0489C2846AF6800759E6E /* UIView+ExtensionTest.swift */; };
		17D048A02846AFF500759E6E /* MarvelCharacterTest.swift in Sources */ = {isa = PBXBuildFile; fileRef = 17D0489F2846AFF500759E6E /* MarvelCharacterTest.swift */; };
		17D048A22846B23E00759E6E /* ThumbnailTest.swift in Sources */ = {isa = PBXBuildFile; fileRef = 17D048A12846B23E00759E6E /* ThumbnailTest.swift */; };
		17D048A62846B29A00759E6E /* HashGeneratorTest.swift in Sources */ = {isa = PBXBuildFile; fileRef = 17D048A52846B29A00759E6E /* HashGeneratorTest.swift */; };
		17E8F8D6283FD78D00B69A8E /* APIConfiguration.json in Resources */ = {isa = PBXBuildFile; fileRef = 17E8F8D5283FD78D00B69A8E /* APIConfiguration.json */; };
		17E8F8D8283FD7AA00B69A8E /* APIConfiguration.swift in Sources */ = {isa = PBXBuildFile; fileRef = 17E8F8D7283FD7AA00B69A8E /* APIConfiguration.swift */; };
		17E8F8DA283FE21800B69A8E /* APIParameters.swift in Sources */ = {isa = PBXBuildFile; fileRef = 17E8F8D9283FE21800B69A8E /* APIParameters.swift */; };
		21805DA9320C19A51F7A8497 /* Pods_WallapopCodingChallengeTests.framework in Frameworks */ = {isa = PBXBuildFile; fileRef = D45FB4ADA5697BD323816791 /* Pods_WallapopCodingChallengeTests.framework */; };
		A9B0097E6FAC3D4D0F68323F /* Pods_WallapopCodingChallenge.framework in Frameworks */ = {isa = PBXBuildFile; fileRef = E0DC6116309D09AF876D73AC /* Pods_WallapopCodingChallenge.framework */; };
/* End PBXBuildFile section */

/* Begin PBXContainerItemProxy section */
		17104A74283E907500DAAFC1 /* PBXContainerItemProxy */ = {
			isa = PBXContainerItemProxy;
			containerPortal = 17104A55283E907200DAAFC1 /* Project object */;
			proxyType = 1;
			remoteGlobalIDString = 17104A5C283E907200DAAFC1;
			remoteInfo = WallapopCodingChallenge;
		};
		17104A7E283E907500DAAFC1 /* PBXContainerItemProxy */ = {
			isa = PBXContainerItemProxy;
			containerPortal = 17104A55283E907200DAAFC1 /* Project object */;
			proxyType = 1;
			remoteGlobalIDString = 17104A5C283E907200DAAFC1;
			remoteInfo = WallapopCodingChallenge;
		};
/* End PBXContainerItemProxy section */

/* Begin PBXFileReference section */
		0F0FAD2F94DAB6D15529B286 /* Pods-WallapopCodingChallenge.release.xcconfig */ = {isa = PBXFileReference; includeInIndex = 1; lastKnownFileType = text.xcconfig; name = "Pods-WallapopCodingChallenge.release.xcconfig"; path = "Target Support Files/Pods-WallapopCodingChallenge/Pods-WallapopCodingChallenge.release.xcconfig"; sourceTree = "<group>"; };
		17104A5D283E907200DAAFC1 /* WallapopCodingChallenge.app */ = {isa = PBXFileReference; explicitFileType = wrapper.application; includeInIndex = 0; path = WallapopCodingChallenge.app; sourceTree = BUILT_PRODUCTS_DIR; };
		17104A60283E907200DAAFC1 /* AppDelegate.swift */ = {isa = PBXFileReference; lastKnownFileType = sourcecode.swift; path = AppDelegate.swift; sourceTree = "<group>"; };
		17104A64283E907200DAAFC1 /* HomeViewController.swift */ = {isa = PBXFileReference; lastKnownFileType = sourcecode.swift; path = HomeViewController.swift; sourceTree = "<group>"; };
		17104A69283E907400DAAFC1 /* Assets.xcassets */ = {isa = PBXFileReference; lastKnownFileType = folder.assetcatalog; path = Assets.xcassets; sourceTree = "<group>"; };
		17104A6C283E907400DAAFC1 /* Base */ = {isa = PBXFileReference; lastKnownFileType = file.storyboard; name = Base; path = Base.lproj/LaunchScreen.storyboard; sourceTree = "<group>"; };
		17104A73283E907500DAAFC1 /* WallapopCodingChallengeTests.xctest */ = {isa = PBXFileReference; explicitFileType = wrapper.cfbundle; includeInIndex = 0; path = WallapopCodingChallengeTests.xctest; sourceTree = BUILT_PRODUCTS_DIR; };
		17104A77283E907500DAAFC1 /* WallapopCodingChallengeTests.swift */ = {isa = PBXFileReference; lastKnownFileType = sourcecode.swift; path = WallapopCodingChallengeTests.swift; sourceTree = "<group>"; };
		17104A7D283E907500DAAFC1 /* WallapopCodingChallengeUITests.xctest */ = {isa = PBXFileReference; explicitFileType = wrapper.cfbundle; includeInIndex = 0; path = WallapopCodingChallengeUITests.xctest; sourceTree = BUILT_PRODUCTS_DIR; };
		17104A81283E907500DAAFC1 /* WallapopCodingChallengeUITests.swift */ = {isa = PBXFileReference; lastKnownFileType = sourcecode.swift; path = WallapopCodingChallengeUITests.swift; sourceTree = "<group>"; };
		17104A83283E907500DAAFC1 /* WallapopCodingChallengeUITestsLaunchTests.swift */ = {isa = PBXFileReference; lastKnownFileType = sourcecode.swift; path = WallapopCodingChallengeUITestsLaunchTests.swift; sourceTree = "<group>"; };
		17104A91283E9CA900DAAFC1 /* Credentials.swift */ = {isa = PBXFileReference; lastKnownFileType = sourcecode.swift; path = Credentials.swift; sourceTree = "<group>"; };
		17153CB82842069E00D91A0B /* HashGenerator.swift */ = {isa = PBXFileReference; lastKnownFileType = sourcecode.swift; path = HashGenerator.swift; sourceTree = "<group>"; };
		17153CBB284207C800D91A0B /* MarvelService.swift */ = {isa = PBXFileReference; lastKnownFileType = sourcecode.swift; path = MarvelService.swift; sourceTree = "<group>"; };
		17153CBE28420AA000D91A0B /* MarvelCharacterResult.swift */ = {isa = PBXFileReference; lastKnownFileType = sourcecode.swift; path = MarvelCharacterResult.swift; sourceTree = "<group>"; };
		17153CC028420B6300D91A0B /* MarvelData.swift */ = {isa = PBXFileReference; lastKnownFileType = sourcecode.swift; path = MarvelData.swift; sourceTree = "<group>"; };
		17153CC228420E2900D91A0B /* MarvelCharacter.swift */ = {isa = PBXFileReference; lastKnownFileType = sourcecode.swift; path = MarvelCharacter.swift; sourceTree = "<group>"; };
		17153CC428421A3300D91A0B /* Thumbnail.swift */ = {isa = PBXFileReference; lastKnownFileType = sourcecode.swift; path = Thumbnail.swift; sourceTree = "<group>"; };
		17153CC728421CCF00D91A0B /* ThumbnailType.swift */ = {isa = PBXFileReference; lastKnownFileType = sourcecode.swift; path = ThumbnailType.swift; sourceTree = "<group>"; };
		17153CC928421D0200D91A0B /* Comics.swift */ = {isa = PBXFileReference; lastKnownFileType = sourcecode.swift; path = Comics.swift; sourceTree = "<group>"; };
		17153CCB28421F0400D91A0B /* Series.swift */ = {isa = PBXFileReference; lastKnownFileType = sourcecode.swift; path = Series.swift; sourceTree = "<group>"; };
		17153CCD28421F6700D91A0B /* Stories.swift */ = {isa = PBXFileReference; lastKnownFileType = sourcecode.swift; path = Stories.swift; sourceTree = "<group>"; };
		17153CCF28422E0400D91A0B /* Events.swift */ = {isa = PBXFileReference; lastKnownFileType = sourcecode.swift; path = Events.swift; sourceTree = "<group>"; };
		17153CD128422E7900D91A0B /* MarvelURLType.swift */ = {isa = PBXFileReference; lastKnownFileType = sourcecode.swift; path = MarvelURLType.swift; sourceTree = "<group>"; };
		17153CD328422EA200D91A0B /* MarvelURL.swift */ = {isa = PBXFileReference; lastKnownFileType = sourcecode.swift; path = MarvelURL.swift; sourceTree = "<group>"; };
		17153CD528422EDE00D91A0B /* Resource.swift */ = {isa = PBXFileReference; lastKnownFileType = sourcecode.swift; path = Resource.swift; sourceTree = "<group>"; };
		17153CD82842318C00D91A0B /* String+Extension.swift */ = {isa = PBXFileReference; lastKnownFileType = sourcecode.swift; path = "String+Extension.swift"; sourceTree = "<group>"; };
		17153CDB284233CE00D91A0B /* CatalogViewModel.swift */ = {isa = PBXFileReference; lastKnownFileType = sourcecode.swift; path = CatalogViewModel.swift; sourceTree = "<group>"; };
		17153CDD28423E9600D91A0B /* CatalogTableViewCellViewModel.swift */ = {isa = PBXFileReference; lastKnownFileType = sourcecode.swift; path = CatalogTableViewCellViewModel.swift; sourceTree = "<group>"; };
		17153CDF284244F200D91A0B /* CatalogDetailViewModel.swift */ = {isa = PBXFileReference; lastKnownFileType = sourcecode.swift; path = CatalogDetailViewModel.swift; sourceTree = "<group>"; };
		17153CE12842530900D91A0B /* UIView+Extension.swift */ = {isa = PBXFileReference; lastKnownFileType = sourcecode.swift; path = "UIView+Extension.swift"; sourceTree = "<group>"; };
		17153CE4284267FF00D91A0B /* HomeViewController+UI.swift */ = {isa = PBXFileReference; lastKnownFileType = sourcecode.swift; path = "HomeViewController+UI.swift"; sourceTree = "<group>"; };
		17153CE6284268CF00D91A0B /* HomeViewController+Configuration+Functionality.swift */ = {isa = PBXFileReference; lastKnownFileType = sourcecode.swift; path = "HomeViewController+Configuration+Functionality.swift"; sourceTree = "<group>"; };
		17153CE828426EB400D91A0B /* HomeViewController+UITableViewDataSource+UITableViewDelegate.swift */ = {isa = PBXFileReference; lastKnownFileType = sourcecode.swift; path = "HomeViewController+UITableViewDataSource+UITableViewDelegate.swift"; sourceTree = "<group>"; };
		17153CEB284276D200D91A0B /* CatalogTableViewCell.swift */ = {isa = PBXFileReference; lastKnownFileType = sourcecode.swift; path = CatalogTableViewCell.swift; sourceTree = "<group>"; };
		17153CED284284DD00D91A0B /* UIImageView+Extension.swift */ = {isa = PBXFileReference; lastKnownFileType = sourcecode.swift; path = "UIImageView+Extension.swift"; sourceTree = "<group>"; };
		17153CEF284291A100D91A0B /* HomeViewController+UISearchControllerDelegate+UISearchBarDelegate+UISearchResultsUpdating.swift */ = {isa = PBXFileReference; lastKnownFileType = sourcecode.swift; path = "HomeViewController+UISearchControllerDelegate+UISearchBarDelegate+UISearchResultsUpdating.swift"; sourceTree = "<group>"; };
		1732C79A2846672D0032E1C6 /* UIColor+Extension.swift */ = {isa = PBXFileReference; lastKnownFileType = sourcecode.swift; path = "UIColor+Extension.swift"; sourceTree = "<group>"; };
		1783AA1028435CCF00CD04FC /* Info.plist */ = {isa = PBXFileReference; fileEncoding = 4; lastKnownFileType = text.plist.xml; path = Info.plist; sourceTree = "<group>"; };
		1783AA152843726800CD04FC /* DetailViewController.swift */ = {isa = PBXFileReference; lastKnownFileType = sourcecode.swift; path = DetailViewController.swift; sourceTree = "<group>"; };
		17BCECB528437A85008248B5 /* DetailViewController+UI.swift */ = {isa = PBXFileReference; lastKnownFileType = sourcecode.swift; path = "DetailViewController+UI.swift"; sourceTree = "<group>"; };
		17BCECB728437B5D008248B5 /* DetailViewController+Configuration+Functionality.swift */ = {isa = PBXFileReference; lastKnownFileType = sourcecode.swift; path = "DetailViewController+Configuration+Functionality.swift"; sourceTree = "<group>"; };
		17BCECBC28437D4F008248B5 /* NavigationItem.swift */ = {isa = PBXFileReference; lastKnownFileType = sourcecode.swift; path = NavigationItem.swift; sourceTree = "<group>"; };
		17BCECBE28437D8D008248B5 /* NavigableViewController.swift */ = {isa = PBXFileReference; lastKnownFileType = sourcecode.swift; path = NavigableViewController.swift; sourceTree = "<group>"; };
		17BCECC028439336008248B5 /* UIFont+Extension.swift */ = {isa = PBXFileReference; lastKnownFileType = sourcecode.swift; path = "UIFont+Extension.swift"; sourceTree = "<group>"; };
		17D048962846A23200759E6E /* String+ExtensionTest.swift */ = {isa = PBXFileReference; lastKnownFileType = sourcecode.swift; path = "String+ExtensionTest.swift"; sourceTree = "<group>"; };
		17D048982846A2E600759E6E /* UIImage+ExtensionTest.swift */ = {isa = PBXFileReference; lastKnownFileType = sourcecode.swift; path = "UIImage+ExtensionTest.swift"; sourceTree = "<group>"; };
		17D0489A2846A50900759E6E /* UIImage+Extension.swift */ = {isa = PBXFileReference; lastKnownFileType = sourcecode.swift; path = "UIImage+Extension.swift"; sourceTree = "<group>"; };
		17D0489C2846AF6800759E6E /* UIView+ExtensionTest.swift */ = {isa = PBXFileReference; lastKnownFileType = sourcecode.swift; path = "UIView+ExtensionTest.swift"; sourceTree = "<group>"; };
		17D0489F2846AFF500759E6E /* MarvelCharacterTest.swift */ = {isa = PBXFileReference; lastKnownFileType = sourcecode.swift; path = MarvelCharacterTest.swift; sourceTree = "<group>"; };
		17D048A12846B23E00759E6E /* ThumbnailTest.swift */ = {isa = PBXFileReference; lastKnownFileType = sourcecode.swift; path = ThumbnailTest.swift; sourceTree = "<group>"; };
		17D048A52846B29A00759E6E /* HashGeneratorTest.swift */ = {isa = PBXFileReference; lastKnownFileType = sourcecode.swift; path = HashGeneratorTest.swift; sourceTree = "<group>"; };
		17E8F8D5283FD78D00B69A8E /* APIConfiguration.json */ = {isa = PBXFileReference; fileEncoding = 4; lastKnownFileType = text.json; path = APIConfiguration.json; sourceTree = "<group>"; };
		17E8F8D7283FD7AA00B69A8E /* APIConfiguration.swift */ = {isa = PBXFileReference; lastKnownFileType = sourcecode.swift; path = APIConfiguration.swift; sourceTree = "<group>"; };
		17E8F8D9283FE21800B69A8E /* APIParameters.swift */ = {isa = PBXFileReference; lastKnownFileType = sourcecode.swift; path = APIParameters.swift; sourceTree = "<group>"; };
		4711E53BD1F2A9A048751D3D /* Pods-WallapopCodingChallengeUITests.release.xcconfig */ = {isa = PBXFileReference; includeInIndex = 1; lastKnownFileType = text.xcconfig; name = "Pods-WallapopCodingChallengeUITests.release.xcconfig"; path = "Target Support Files/Pods-WallapopCodingChallengeUITests/Pods-WallapopCodingChallengeUITests.release.xcconfig"; sourceTree = "<group>"; };
		788E3516FC77AD6200C2F17D /* Pods-WallapopCodingChallengeTests.debug.xcconfig */ = {isa = PBXFileReference; includeInIndex = 1; lastKnownFileType = text.xcconfig; name = "Pods-WallapopCodingChallengeTests.debug.xcconfig"; path = "Target Support Files/Pods-WallapopCodingChallengeTests/Pods-WallapopCodingChallengeTests.debug.xcconfig"; sourceTree = "<group>"; };
		C6F758B6454BC412D5898875 /* Pods_WallapopCodingChallengeUITests.framework */ = {isa = PBXFileReference; explicitFileType = wrapper.framework; includeInIndex = 0; path = Pods_WallapopCodingChallengeUITests.framework; sourceTree = BUILT_PRODUCTS_DIR; };
		CD3360FE0419CA5FE0306B0A /* Pods-WallapopCodingChallengeUITests.debug.xcconfig */ = {isa = PBXFileReference; includeInIndex = 1; lastKnownFileType = text.xcconfig; name = "Pods-WallapopCodingChallengeUITests.debug.xcconfig"; path = "Target Support Files/Pods-WallapopCodingChallengeUITests/Pods-WallapopCodingChallengeUITests.debug.xcconfig"; sourceTree = "<group>"; };
		D0A3E0C36E4668FD3C52F8AB /* Pods-WallapopCodingChallengeTests.release.xcconfig */ = {isa = PBXFileReference; includeInIndex = 1; lastKnownFileType = text.xcconfig; name = "Pods-WallapopCodingChallengeTests.release.xcconfig"; path = "Target Support Files/Pods-WallapopCodingChallengeTests/Pods-WallapopCodingChallengeTests.release.xcconfig"; sourceTree = "<group>"; };
		D45FB4ADA5697BD323816791 /* Pods_WallapopCodingChallengeTests.framework */ = {isa = PBXFileReference; explicitFileType = wrapper.framework; includeInIndex = 0; path = Pods_WallapopCodingChallengeTests.framework; sourceTree = BUILT_PRODUCTS_DIR; };
		E0DC6116309D09AF876D73AC /* Pods_WallapopCodingChallenge.framework */ = {isa = PBXFileReference; explicitFileType = wrapper.framework; includeInIndex = 0; path = Pods_WallapopCodingChallenge.framework; sourceTree = BUILT_PRODUCTS_DIR; };
		EED047D1FBDA0EEDCFE08FD5 /* Pods-WallapopCodingChallenge.debug.xcconfig */ = {isa = PBXFileReference; includeInIndex = 1; lastKnownFileType = text.xcconfig; name = "Pods-WallapopCodingChallenge.debug.xcconfig"; path = "Target Support Files/Pods-WallapopCodingChallenge/Pods-WallapopCodingChallenge.debug.xcconfig"; sourceTree = "<group>"; };
/* End PBXFileReference section */

/* Begin PBXFrameworksBuildPhase section */
		17104A5A283E907200DAAFC1 /* Frameworks */ = {
			isa = PBXFrameworksBuildPhase;
			buildActionMask = 2147483647;
			files = (
				A9B0097E6FAC3D4D0F68323F /* Pods_WallapopCodingChallenge.framework in Frameworks */,
			);
			runOnlyForDeploymentPostprocessing = 0;
		};
		17104A70283E907500DAAFC1 /* Frameworks */ = {
			isa = PBXFrameworksBuildPhase;
			buildActionMask = 2147483647;
			files = (
				21805DA9320C19A51F7A8497 /* Pods_WallapopCodingChallengeTests.framework in Frameworks */,
			);
			runOnlyForDeploymentPostprocessing = 0;
		};
		17104A7A283E907500DAAFC1 /* Frameworks */ = {
			isa = PBXFrameworksBuildPhase;
			buildActionMask = 2147483647;
			files = (
				015B0D0F2B6DEA7A243B75FE /* Pods_WallapopCodingChallengeUITests.framework in Frameworks */,
			);
			runOnlyForDeploymentPostprocessing = 0;
		};
/* End PBXFrameworksBuildPhase section */

/* Begin PBXGroup section */
		17104A54283E907200DAAFC1 = {
			isa = PBXGroup;
			children = (
				17104A5F283E907200DAAFC1 /* WallapopCodingChallenge */,
				17104A76283E907500DAAFC1 /* WallapopCodingChallengeTests */,
				17104A80283E907500DAAFC1 /* WallapopCodingChallengeUITests */,
				17104A5E283E907200DAAFC1 /* Products */,
				4C761E520BBB4303A95D50D9 /* Pods */,
				A90612021B2E77E4EBC0DE50 /* Frameworks */,
			);
			sourceTree = "<group>";
		};
		17104A5E283E907200DAAFC1 /* Products */ = {
			isa = PBXGroup;
			children = (
				17104A5D283E907200DAAFC1 /* WallapopCodingChallenge.app */,
				17104A73283E907500DAAFC1 /* WallapopCodingChallengeTests.xctest */,
				17104A7D283E907500DAAFC1 /* WallapopCodingChallengeUITests.xctest */,
			);
			name = Products;
			sourceTree = "<group>";
		};
		17104A5F283E907200DAAFC1 /* WallapopCodingChallenge */ = {
			isa = PBXGroup;
			children = (
				17E8F8D1283FD62200B69A8E /* API */,
				17153CC628421A8A00D91A0B /* Enums */,
				17153CD72842317B00D91A0B /* Extensions */,
				17BCECB928437C2E008248B5 /* Managers */,
				17104A95283E9D2E00DAAFC1 /* Model */,
				17104A94283E9D2900DAAFC1 /* View */,
				17104A93283E9D2300DAAFC1 /* ViewModel */,
				17104A90283E9C9500DAAFC1 /* Resources */,
				17104A60283E907200DAAFC1 /* AppDelegate.swift */,
				17104A6B283E907400DAAFC1 /* LaunchScreen.storyboard */,
				1783AA1028435CCF00CD04FC /* Info.plist */,
			);
			path = WallapopCodingChallenge;
			sourceTree = "<group>";
		};
		17104A76283E907500DAAFC1 /* WallapopCodingChallengeTests */ = {
			isa = PBXGroup;
			children = (
				17D048A32846B26800759E6E /* API */,
				1732C79C284672050032E1C6 /* Extensions */,
				17D0489E2846AFCB00759E6E /* Models */,
				17104A77283E907500DAAFC1 /* WallapopCodingChallengeTests.swift */,
			);
			path = WallapopCodingChallengeTests;
			sourceTree = "<group>";
		};
		17104A80283E907500DAAFC1 /* WallapopCodingChallengeUITests */ = {
			isa = PBXGroup;
			children = (
				17104A81283E907500DAAFC1 /* WallapopCodingChallengeUITests.swift */,
				17104A83283E907500DAAFC1 /* WallapopCodingChallengeUITestsLaunchTests.swift */,
			);
			path = WallapopCodingChallengeUITests;
			sourceTree = "<group>";
		};
		17104A90283E9C9500DAAFC1 /* Resources */ = {
			isa = PBXGroup;
			children = (
				17104A69283E907400DAAFC1 /* Assets.xcassets */,
				17104A91283E9CA900DAAFC1 /* Credentials.swift */,
			);
			path = Resources;
			sourceTree = "<group>";
		};
		17104A93283E9D2300DAAFC1 /* ViewModel */ = {
			isa = PBXGroup;
			children = (
				17153CDB284233CE00D91A0B /* CatalogViewModel.swift */,
				17153CDD28423E9600D91A0B /* CatalogTableViewCellViewModel.swift */,
				17153CDF284244F200D91A0B /* CatalogDetailViewModel.swift */,
			);
			path = ViewModel;
			sourceTree = "<group>";
		};
		17104A94283E9D2900DAAFC1 /* View */ = {
			isa = PBXGroup;
			children = (
				17153CEA2842718900D91A0B /* TableViewCells */,
				17153CDA284233B000D91A0B /* ViewControllers */,
			);
			path = View;
			sourceTree = "<group>";
		};
		17104A95283E9D2E00DAAFC1 /* Model */ = {
			isa = PBXGroup;
			children = (
				17153CBD28420A4B00D91A0B /* Networking */,
			);
			path = Model;
			sourceTree = "<group>";
		};
		17153CB72842067500D91A0B /* Generators */ = {
			isa = PBXGroup;
			children = (
				17153CB82842069E00D91A0B /* HashGenerator.swift */,
			);
			path = Generators;
			sourceTree = "<group>";
		};
		17153CBA284207A500D91A0B /* Services */ = {
			isa = PBXGroup;
			children = (
				17153CBB284207C800D91A0B /* MarvelService.swift */,
			);
			path = Services;
			sourceTree = "<group>";
		};
		17153CBD28420A4B00D91A0B /* Networking */ = {
			isa = PBXGroup;
			children = (
				17153CC928421D0200D91A0B /* Comics.swift */,
				17153CCF28422E0400D91A0B /* Events.swift */,
				17153CC228420E2900D91A0B /* MarvelCharacter.swift */,
				17153CBE28420AA000D91A0B /* MarvelCharacterResult.swift */,
				17153CC028420B6300D91A0B /* MarvelData.swift */,
				17153CD328422EA200D91A0B /* MarvelURL.swift */,
				17153CD528422EDE00D91A0B /* Resource.swift */,
				17153CCB28421F0400D91A0B /* Series.swift */,
				17153CCD28421F6700D91A0B /* Stories.swift */,
				17153CC428421A3300D91A0B /* Thumbnail.swift */,
			);
			path = Networking;
			sourceTree = "<group>";
		};
		17153CC628421A8A00D91A0B /* Enums */ = {
			isa = PBXGroup;
			children = (
				17153CD128422E7900D91A0B /* MarvelURLType.swift */,
				17153CC728421CCF00D91A0B /* ThumbnailType.swift */,
			);
			path = Enums;
			sourceTree = "<group>";
		};
		17153CD72842317B00D91A0B /* Extensions */ = {
			isa = PBXGroup;
			children = (
				17153CD82842318C00D91A0B /* String+Extension.swift */,
				1732C79A2846672D0032E1C6 /* UIColor+Extension.swift */,
				17BCECC028439336008248B5 /* UIFont+Extension.swift */,
				17D0489A2846A50900759E6E /* UIImage+Extension.swift */,
				17153CED284284DD00D91A0B /* UIImageView+Extension.swift */,
				17153CE12842530900D91A0B /* UIView+Extension.swift */,
			);
			path = Extensions;
			sourceTree = "<group>";
		};
		17153CDA284233B000D91A0B /* ViewControllers */ = {
			isa = PBXGroup;
			children = (
				1783AA142843711300CD04FC /* Detail */,
				17153CE3284267ED00D91A0B /* Home */,
			);
			path = ViewControllers;
			sourceTree = "<group>";
		};
		17153CE3284267ED00D91A0B /* Home */ = {
			isa = PBXGroup;
			children = (
				17104A64283E907200DAAFC1 /* HomeViewController.swift */,
				17153CE6284268CF00D91A0B /* HomeViewController+Configuration+Functionality.swift */,
				17153CE4284267FF00D91A0B /* HomeViewController+UI.swift */,
				17153CEF284291A100D91A0B /* HomeViewController+UISearchControllerDelegate+UISearchBarDelegate+UISearchResultsUpdating.swift */,
				17153CE828426EB400D91A0B /* HomeViewController+UITableViewDataSource+UITableViewDelegate.swift */,
			);
			path = Home;
			sourceTree = "<group>";
		};
		17153CEA2842718900D91A0B /* TableViewCells */ = {
			isa = PBXGroup;
			children = (
				17153CEB284276D200D91A0B /* CatalogTableViewCell.swift */,
			);
			path = TableViewCells;
			sourceTree = "<group>";
		};
		1732C79C284672050032E1C6 /* Extensions */ = {
			isa = PBXGroup;
			children = (
				17D048962846A23200759E6E /* String+ExtensionTest.swift */,
				17D048982846A2E600759E6E /* UIImage+ExtensionTest.swift */,
				17D0489C2846AF6800759E6E /* UIView+ExtensionTest.swift */,
			);
			path = Extensions;
			sourceTree = "<group>";
		};
		1783AA142843711300CD04FC /* Detail */ = {
			isa = PBXGroup;
			children = (
				1783AA152843726800CD04FC /* DetailViewController.swift */,
				17BCECB728437B5D008248B5 /* DetailViewController+Configuration+Functionality.swift */,
				17BCECB528437A85008248B5 /* DetailViewController+UI.swift */,
			);
			path = Detail;
			sourceTree = "<group>";
		};
		17BCECB928437C2E008248B5 /* Managers */ = {
			isa = PBXGroup;
			children = (
				17BCECBB28437D42008248B5 /* Navigation */,
			);
			path = Managers;
			sourceTree = "<group>";
		};
		17BCECBB28437D42008248B5 /* Navigation */ = {
			isa = PBXGroup;
			children = (
				17BCECBC28437D4F008248B5 /* NavigationItem.swift */,
				17BCECBE28437D8D008248B5 /* NavigableViewController.swift */,
			);
			path = Navigation;
			sourceTree = "<group>";
		};
		17D0489E2846AFCB00759E6E /* Models */ = {
			isa = PBXGroup;
			children = (
				17D0489F2846AFF500759E6E /* MarvelCharacterTest.swift */,
				17D048A12846B23E00759E6E /* ThumbnailTest.swift */,
			);
			path = Models;
			sourceTree = "<group>";
		};
		17D048A32846B26800759E6E /* API */ = {
			isa = PBXGroup;
			children = (
				17D048A42846B28300759E6E /* Generators */,
			);
			path = API;
			sourceTree = "<group>";
		};
		17D048A42846B28300759E6E /* Generators */ = {
			isa = PBXGroup;
			children = (
				17D048A52846B29A00759E6E /* HashGeneratorTest.swift */,
			);
			path = Generators;
			sourceTree = "<group>";
		};
		17E8F8D1283FD62200B69A8E /* API */ = {
			isa = PBXGroup;
			children = (
				17E8F8D2283FD63100B69A8E /* Configurations */,
				17153CB72842067500D91A0B /* Generators */,
				17153CBA284207A500D91A0B /* Services */,
			);
			path = API;
			sourceTree = "<group>";
		};
		17E8F8D2283FD63100B69A8E /* Configurations */ = {
			isa = PBXGroup;
			children = (
				17E8F8D9283FE21800B69A8E /* APIParameters.swift */,
				17E8F8D7283FD7AA00B69A8E /* APIConfiguration.swift */,
				17E8F8D5283FD78D00B69A8E /* APIConfiguration.json */,
			);
			path = Configurations;
			sourceTree = "<group>";
		};
		4C761E520BBB4303A95D50D9 /* Pods */ = {
			isa = PBXGroup;
			children = (
				EED047D1FBDA0EEDCFE08FD5 /* Pods-WallapopCodingChallenge.debug.xcconfig */,
				0F0FAD2F94DAB6D15529B286 /* Pods-WallapopCodingChallenge.release.xcconfig */,
				788E3516FC77AD6200C2F17D /* Pods-WallapopCodingChallengeTests.debug.xcconfig */,
				D0A3E0C36E4668FD3C52F8AB /* Pods-WallapopCodingChallengeTests.release.xcconfig */,
				CD3360FE0419CA5FE0306B0A /* Pods-WallapopCodingChallengeUITests.debug.xcconfig */,
				4711E53BD1F2A9A048751D3D /* Pods-WallapopCodingChallengeUITests.release.xcconfig */,
			);
			path = Pods;
			sourceTree = "<group>";
		};
		A90612021B2E77E4EBC0DE50 /* Frameworks */ = {
			isa = PBXGroup;
			children = (
				E0DC6116309D09AF876D73AC /* Pods_WallapopCodingChallenge.framework */,
				D45FB4ADA5697BD323816791 /* Pods_WallapopCodingChallengeTests.framework */,
				C6F758B6454BC412D5898875 /* Pods_WallapopCodingChallengeUITests.framework */,
			);
			name = Frameworks;
			sourceTree = "<group>";
		};
/* End PBXGroup section */

/* Begin PBXNativeTarget section */
		17104A5C283E907200DAAFC1 /* WallapopCodingChallenge */ = {
			isa = PBXNativeTarget;
			buildConfigurationList = 17104A87283E907500DAAFC1 /* Build configuration list for PBXNativeTarget "WallapopCodingChallenge" */;
			buildPhases = (
				1D80AC0CB3FB547A5AB43676 /* [CP] Check Pods Manifest.lock */,
				17104A59283E907200DAAFC1 /* Sources */,
				17104A5A283E907200DAAFC1 /* Frameworks */,
				17104A5B283E907200DAAFC1 /* Resources */,
				D2CBB4C6418C37195844C146 /* [CP] Embed Pods Frameworks */,
			);
			buildRules = (
			);
			dependencies = (
			);
			name = WallapopCodingChallenge;
			productName = WallapopCodingChallenge;
			productReference = 17104A5D283E907200DAAFC1 /* WallapopCodingChallenge.app */;
			productType = "com.apple.product-type.application";
		};
		17104A72283E907500DAAFC1 /* WallapopCodingChallengeTests */ = {
			isa = PBXNativeTarget;
			buildConfigurationList = 17104A8A283E907500DAAFC1 /* Build configuration list for PBXNativeTarget "WallapopCodingChallengeTests" */;
			buildPhases = (
				7DD80C27E9A77603CEE56589 /* [CP] Check Pods Manifest.lock */,
				17104A6F283E907500DAAFC1 /* Sources */,
				17104A70283E907500DAAFC1 /* Frameworks */,
				17104A71283E907500DAAFC1 /* Resources */,
				FCF7E84CA2F4AB0BE1BDE574 /* [CP] Embed Pods Frameworks */,
			);
			buildRules = (
			);
			dependencies = (
				17104A75283E907500DAAFC1 /* PBXTargetDependency */,
			);
			name = WallapopCodingChallengeTests;
			productName = WallapopCodingChallengeTests;
			productReference = 17104A73283E907500DAAFC1 /* WallapopCodingChallengeTests.xctest */;
			productType = "com.apple.product-type.bundle.unit-test";
		};
		17104A7C283E907500DAAFC1 /* WallapopCodingChallengeUITests */ = {
			isa = PBXNativeTarget;
			buildConfigurationList = 17104A8D283E907500DAAFC1 /* Build configuration list for PBXNativeTarget "WallapopCodingChallengeUITests" */;
			buildPhases = (
				84B7AD120000BC7D6FB14092 /* [CP] Check Pods Manifest.lock */,
				17104A79283E907500DAAFC1 /* Sources */,
				17104A7A283E907500DAAFC1 /* Frameworks */,
				17104A7B283E907500DAAFC1 /* Resources */,
				8FBD450F50DB66C5B46A9CB1 /* [CP] Embed Pods Frameworks */,
			);
			buildRules = (
			);
			dependencies = (
				17104A7F283E907500DAAFC1 /* PBXTargetDependency */,
			);
			name = WallapopCodingChallengeUITests;
			productName = WallapopCodingChallengeUITests;
			productReference = 17104A7D283E907500DAAFC1 /* WallapopCodingChallengeUITests.xctest */;
			productType = "com.apple.product-type.bundle.ui-testing";
		};
/* End PBXNativeTarget section */

/* Begin PBXProject section */
		17104A55283E907200DAAFC1 /* Project object */ = {
			isa = PBXProject;
			attributes = {
				BuildIndependentTargetsInParallel = 1;
				LastSwiftUpdateCheck = 1330;
				LastUpgradeCheck = 1330;
				TargetAttributes = {
					17104A5C283E907200DAAFC1 = {
						CreatedOnToolsVersion = 13.3;
					};
					17104A72283E907500DAAFC1 = {
						CreatedOnToolsVersion = 13.3;
						TestTargetID = 17104A5C283E907200DAAFC1;
					};
					17104A7C283E907500DAAFC1 = {
						CreatedOnToolsVersion = 13.3;
						TestTargetID = 17104A5C283E907200DAAFC1;
					};
				};
			};
			buildConfigurationList = 17104A58283E907200DAAFC1 /* Build configuration list for PBXProject "WallapopCodingChallenge" */;
			compatibilityVersion = "Xcode 13.0";
			developmentRegion = en;
			hasScannedForEncodings = 0;
			knownRegions = (
				en,
				Base,
			);
			mainGroup = 17104A54283E907200DAAFC1;
			productRefGroup = 17104A5E283E907200DAAFC1 /* Products */;
			projectDirPath = "";
			projectRoot = "";
			targets = (
				17104A5C283E907200DAAFC1 /* WallapopCodingChallenge */,
				17104A72283E907500DAAFC1 /* WallapopCodingChallengeTests */,
				17104A7C283E907500DAAFC1 /* WallapopCodingChallengeUITests */,
			);
		};
/* End PBXProject section */

/* Begin PBXResourcesBuildPhase section */
		17104A5B283E907200DAAFC1 /* Resources */ = {
			isa = PBXResourcesBuildPhase;
			buildActionMask = 2147483647;
			files = (
				17104A6D283E907400DAAFC1 /* LaunchScreen.storyboard in Resources */,
				17104A6A283E907400DAAFC1 /* Assets.xcassets in Resources */,
				17E8F8D6283FD78D00B69A8E /* APIConfiguration.json in Resources */,
			);
			runOnlyForDeploymentPostprocessing = 0;
		};
		17104A71283E907500DAAFC1 /* Resources */ = {
			isa = PBXResourcesBuildPhase;
			buildActionMask = 2147483647;
			files = (
			);
			runOnlyForDeploymentPostprocessing = 0;
		};
		17104A7B283E907500DAAFC1 /* Resources */ = {
			isa = PBXResourcesBuildPhase;
			buildActionMask = 2147483647;
			files = (
			);
			runOnlyForDeploymentPostprocessing = 0;
		};
/* End PBXResourcesBuildPhase section */

/* Begin PBXShellScriptBuildPhase section */
		1D80AC0CB3FB547A5AB43676 /* [CP] Check Pods Manifest.lock */ = {
			isa = PBXShellScriptBuildPhase;
			buildActionMask = 2147483647;
			files = (
			);
			inputFileListPaths = (
			);
			inputPaths = (
				"${PODS_PODFILE_DIR_PATH}/Podfile.lock",
				"${PODS_ROOT}/Manifest.lock",
			);
			name = "[CP] Check Pods Manifest.lock";
			outputFileListPaths = (
			);
			outputPaths = (
				"$(DERIVED_FILE_DIR)/Pods-WallapopCodingChallenge-checkManifestLockResult.txt",
			);
			runOnlyForDeploymentPostprocessing = 0;
			shellPath = /bin/sh;
			shellScript = "diff \"${PODS_PODFILE_DIR_PATH}/Podfile.lock\" \"${PODS_ROOT}/Manifest.lock\" > /dev/null\nif [ $? != 0 ] ; then\n    # print error to STDERR\n    echo \"error: The sandbox is not in sync with the Podfile.lock. Run 'pod install' or update your CocoaPods installation.\" >&2\n    exit 1\nfi\n# This output is used by Xcode 'outputs' to avoid re-running this script phase.\necho \"SUCCESS\" > \"${SCRIPT_OUTPUT_FILE_0}\"\n";
			showEnvVarsInLog = 0;
		};
		7DD80C27E9A77603CEE56589 /* [CP] Check Pods Manifest.lock */ = {
			isa = PBXShellScriptBuildPhase;
			buildActionMask = 2147483647;
			files = (
			);
			inputFileListPaths = (
			);
			inputPaths = (
				"${PODS_PODFILE_DIR_PATH}/Podfile.lock",
				"${PODS_ROOT}/Manifest.lock",
			);
			name = "[CP] Check Pods Manifest.lock";
			outputFileListPaths = (
			);
			outputPaths = (
				"$(DERIVED_FILE_DIR)/Pods-WallapopCodingChallengeTests-checkManifestLockResult.txt",
			);
			runOnlyForDeploymentPostprocessing = 0;
			shellPath = /bin/sh;
			shellScript = "diff \"${PODS_PODFILE_DIR_PATH}/Podfile.lock\" \"${PODS_ROOT}/Manifest.lock\" > /dev/null\nif [ $? != 0 ] ; then\n    # print error to STDERR\n    echo \"error: The sandbox is not in sync with the Podfile.lock. Run 'pod install' or update your CocoaPods installation.\" >&2\n    exit 1\nfi\n# This output is used by Xcode 'outputs' to avoid re-running this script phase.\necho \"SUCCESS\" > \"${SCRIPT_OUTPUT_FILE_0}\"\n";
			showEnvVarsInLog = 0;
		};
		84B7AD120000BC7D6FB14092 /* [CP] Check Pods Manifest.lock */ = {
			isa = PBXShellScriptBuildPhase;
			buildActionMask = 2147483647;
			files = (
			);
			inputFileListPaths = (
			);
			inputPaths = (
				"${PODS_PODFILE_DIR_PATH}/Podfile.lock",
				"${PODS_ROOT}/Manifest.lock",
			);
			name = "[CP] Check Pods Manifest.lock";
			outputFileListPaths = (
			);
			outputPaths = (
				"$(DERIVED_FILE_DIR)/Pods-WallapopCodingChallengeUITests-checkManifestLockResult.txt",
			);
			runOnlyForDeploymentPostprocessing = 0;
			shellPath = /bin/sh;
			shellScript = "diff \"${PODS_PODFILE_DIR_PATH}/Podfile.lock\" \"${PODS_ROOT}/Manifest.lock\" > /dev/null\nif [ $? != 0 ] ; then\n    # print error to STDERR\n    echo \"error: The sandbox is not in sync with the Podfile.lock. Run 'pod install' or update your CocoaPods installation.\" >&2\n    exit 1\nfi\n# This output is used by Xcode 'outputs' to avoid re-running this script phase.\necho \"SUCCESS\" > \"${SCRIPT_OUTPUT_FILE_0}\"\n";
			showEnvVarsInLog = 0;
		};
		8FBD450F50DB66C5B46A9CB1 /* [CP] Embed Pods Frameworks */ = {
			isa = PBXShellScriptBuildPhase;
			buildActionMask = 2147483647;
			files = (
			);
			inputFileListPaths = (
				"${PODS_ROOT}/Target Support Files/Pods-WallapopCodingChallengeUITests/Pods-WallapopCodingChallengeUITests-frameworks-${CONFIGURATION}-input-files.xcfilelist",
			);
			name = "[CP] Embed Pods Frameworks";
			outputFileListPaths = (
				"${PODS_ROOT}/Target Support Files/Pods-WallapopCodingChallengeUITests/Pods-WallapopCodingChallengeUITests-frameworks-${CONFIGURATION}-output-files.xcfilelist",
			);
			runOnlyForDeploymentPostprocessing = 0;
			shellPath = /bin/sh;
			shellScript = "\"${PODS_ROOT}/Target Support Files/Pods-WallapopCodingChallengeUITests/Pods-WallapopCodingChallengeUITests-frameworks.sh\"\n";
			showEnvVarsInLog = 0;
		};
		D2CBB4C6418C37195844C146 /* [CP] Embed Pods Frameworks */ = {
			isa = PBXShellScriptBuildPhase;
			buildActionMask = 2147483647;
			files = (
			);
			inputFileListPaths = (
				"${PODS_ROOT}/Target Support Files/Pods-WallapopCodingChallenge/Pods-WallapopCodingChallenge-frameworks-${CONFIGURATION}-input-files.xcfilelist",
			);
			name = "[CP] Embed Pods Frameworks";
			outputFileListPaths = (
				"${PODS_ROOT}/Target Support Files/Pods-WallapopCodingChallenge/Pods-WallapopCodingChallenge-frameworks-${CONFIGURATION}-output-files.xcfilelist",
			);
			runOnlyForDeploymentPostprocessing = 0;
			shellPath = /bin/sh;
			shellScript = "\"${PODS_ROOT}/Target Support Files/Pods-WallapopCodingChallenge/Pods-WallapopCodingChallenge-frameworks.sh\"\n";
			showEnvVarsInLog = 0;
		};
		FCF7E84CA2F4AB0BE1BDE574 /* [CP] Embed Pods Frameworks */ = {
			isa = PBXShellScriptBuildPhase;
			buildActionMask = 2147483647;
			files = (
			);
			inputFileListPaths = (
				"${PODS_ROOT}/Target Support Files/Pods-WallapopCodingChallengeTests/Pods-WallapopCodingChallengeTests-frameworks-${CONFIGURATION}-input-files.xcfilelist",
			);
			name = "[CP] Embed Pods Frameworks";
			outputFileListPaths = (
				"${PODS_ROOT}/Target Support Files/Pods-WallapopCodingChallengeTests/Pods-WallapopCodingChallengeTests-frameworks-${CONFIGURATION}-output-files.xcfilelist",
			);
			runOnlyForDeploymentPostprocessing = 0;
			shellPath = /bin/sh;
			shellScript = "\"${PODS_ROOT}/Target Support Files/Pods-WallapopCodingChallengeTests/Pods-WallapopCodingChallengeTests-frameworks.sh\"\n";
			showEnvVarsInLog = 0;
		};
/* End PBXShellScriptBuildPhase section */

/* Begin PBXSourcesBuildPhase section */
		17104A59283E907200DAAFC1 /* Sources */ = {
			isa = PBXSourcesBuildPhase;
			buildActionMask = 2147483647;
			files = (
				17153CEE284284DD00D91A0B /* UIImageView+Extension.swift in Sources */,
				17153CDC284233CE00D91A0B /* CatalogViewModel.swift in Sources */,
				17E8F8DA283FE21800B69A8E /* APIParameters.swift in Sources */,
				17153CD92842318C00D91A0B /* String+Extension.swift in Sources */,
				17BCECBD28437D4F008248B5 /* NavigationItem.swift in Sources */,
				17153CE928426EB400D91A0B /* HomeViewController+UITableViewDataSource+UITableViewDelegate.swift in Sources */,
				17BCECC128439336008248B5 /* UIFont+Extension.swift in Sources */,
				17153CCE28421F6700D91A0B /* Stories.swift in Sources */,
				17BCECB828437B5D008248B5 /* DetailViewController+Configuration+Functionality.swift in Sources */,
				17153CC328420E2A00D91A0B /* MarvelCharacter.swift in Sources */,
				17153CC528421A3300D91A0B /* Thumbnail.swift in Sources */,
				17153CC828421CCF00D91A0B /* ThumbnailType.swift in Sources */,
				17104A65283E907200DAAFC1 /* HomeViewController.swift in Sources */,
				17BCECBF28437D8D008248B5 /* NavigableViewController.swift in Sources */,
				17153CC128420B6300D91A0B /* MarvelData.swift in Sources */,
				17153CE5284267FF00D91A0B /* HomeViewController+UI.swift in Sources */,
				17104A61283E907200DAAFC1 /* AppDelegate.swift in Sources */,
				17153CCA28421D0200D91A0B /* Comics.swift in Sources */,
				17153CF0284291A100D91A0B /* HomeViewController+UISearchControllerDelegate+UISearchBarDelegate+UISearchResultsUpdating.swift in Sources */,
				17153CB92842069E00D91A0B /* HashGenerator.swift in Sources */,
				17153CCC28421F0400D91A0B /* Series.swift in Sources */,
				17104A92283E9CA900DAAFC1 /* Credentials.swift in Sources */,
				17153CD428422EA200D91A0B /* MarvelURL.swift in Sources */,
				17BCECB628437A85008248B5 /* DetailViewController+UI.swift in Sources */,
				1783AA162843726800CD04FC /* DetailViewController.swift in Sources */,
				17153CD628422EDE00D91A0B /* Resource.swift in Sources */,
				17E8F8D8283FD7AA00B69A8E /* APIConfiguration.swift in Sources */,
				17153CE0284244F200D91A0B /* CatalogDetailViewModel.swift in Sources */,
				17153CE7284268CF00D91A0B /* HomeViewController+Configuration+Functionality.swift in Sources */,
				17153CDE28423E9600D91A0B /* CatalogTableViewCellViewModel.swift in Sources */,
				17153CBF28420AA000D91A0B /* MarvelCharacterResult.swift in Sources */,
				17153CD228422E7900D91A0B /* MarvelURLType.swift in Sources */,
				1732C79B2846672D0032E1C6 /* UIColor+Extension.swift in Sources */,
				17153CD028422E0400D91A0B /* Events.swift in Sources */,
				17153CEC284276D200D91A0B /* CatalogTableViewCell.swift in Sources */,
				17D0489B2846A50900759E6E /* UIImage+Extension.swift in Sources */,
				17153CBC284207C800D91A0B /* MarvelService.swift in Sources */,
				17153CE22842530900D91A0B /* UIView+Extension.swift in Sources */,
			);
			runOnlyForDeploymentPostprocessing = 0;
		};
		17104A6F283E907500DAAFC1 /* Sources */ = {
			isa = PBXSourcesBuildPhase;
			buildActionMask = 2147483647;
			files = (
				17D048992846A2E600759E6E /* UIImage+ExtensionTest.swift in Sources */,
				17D048972846A23200759E6E /* String+ExtensionTest.swift in Sources */,
				17D048A22846B23E00759E6E /* ThumbnailTest.swift in Sources */,
				17D048A62846B29A00759E6E /* HashGeneratorTest.swift in Sources */,
				17D0489D2846AF6800759E6E /* UIView+ExtensionTest.swift in Sources */,
				17D048A02846AFF500759E6E /* MarvelCharacterTest.swift in Sources */,
				17104A78283E907500DAAFC1 /* WallapopCodingChallengeTests.swift in Sources */,
			);
			runOnlyForDeploymentPostprocessing = 0;
		};
		17104A79283E907500DAAFC1 /* Sources */ = {
			isa = PBXSourcesBuildPhase;
			buildActionMask = 2147483647;
			files = (
				17104A84283E907500DAAFC1 /* WallapopCodingChallengeUITestsLaunchTests.swift in Sources */,
				17104A82283E907500DAAFC1 /* WallapopCodingChallengeUITests.swift in Sources */,
			);
			runOnlyForDeploymentPostprocessing = 0;
		};
/* End PBXSourcesBuildPhase section */

/* Begin PBXTargetDependency section */
		17104A75283E907500DAAFC1 /* PBXTargetDependency */ = {
			isa = PBXTargetDependency;
			target = 17104A5C283E907200DAAFC1 /* WallapopCodingChallenge */;
			targetProxy = 17104A74283E907500DAAFC1 /* PBXContainerItemProxy */;
		};
		17104A7F283E907500DAAFC1 /* PBXTargetDependency */ = {
			isa = PBXTargetDependency;
			target = 17104A5C283E907200DAAFC1 /* WallapopCodingChallenge */;
			targetProxy = 17104A7E283E907500DAAFC1 /* PBXContainerItemProxy */;
		};
/* End PBXTargetDependency section */

/* Begin PBXVariantGroup section */
		17104A6B283E907400DAAFC1 /* LaunchScreen.storyboard */ = {
			isa = PBXVariantGroup;
			children = (
				17104A6C283E907400DAAFC1 /* Base */,
			);
			name = LaunchScreen.storyboard;
			sourceTree = "<group>";
		};
/* End PBXVariantGroup section */

/* Begin XCBuildConfiguration section */
		17104A85283E907500DAAFC1 /* Debug */ = {
			isa = XCBuildConfiguration;
			buildSettings = {
				ALWAYS_SEARCH_USER_PATHS = NO;
				CLANG_ANALYZER_NONNULL = YES;
				CLANG_ANALYZER_NUMBER_OBJECT_CONVERSION = YES_AGGRESSIVE;
				CLANG_CXX_LANGUAGE_STANDARD = "gnu++17";
				CLANG_ENABLE_MODULES = YES;
				CLANG_ENABLE_OBJC_ARC = YES;
				CLANG_ENABLE_OBJC_WEAK = YES;
				CLANG_WARN_BLOCK_CAPTURE_AUTORELEASING = YES;
				CLANG_WARN_BOOL_CONVERSION = YES;
				CLANG_WARN_COMMA = YES;
				CLANG_WARN_CONSTANT_CONVERSION = YES;
				CLANG_WARN_DEPRECATED_OBJC_IMPLEMENTATIONS = YES;
				CLANG_WARN_DIRECT_OBJC_ISA_USAGE = YES_ERROR;
				CLANG_WARN_DOCUMENTATION_COMMENTS = YES;
				CLANG_WARN_EMPTY_BODY = YES;
				CLANG_WARN_ENUM_CONVERSION = YES;
				CLANG_WARN_INFINITE_RECURSION = YES;
				CLANG_WARN_INT_CONVERSION = YES;
				CLANG_WARN_NON_LITERAL_NULL_CONVERSION = YES;
				CLANG_WARN_OBJC_IMPLICIT_RETAIN_SELF = YES;
				CLANG_WARN_OBJC_LITERAL_CONVERSION = YES;
				CLANG_WARN_OBJC_ROOT_CLASS = YES_ERROR;
				CLANG_WARN_QUOTED_INCLUDE_IN_FRAMEWORK_HEADER = YES;
				CLANG_WARN_RANGE_LOOP_ANALYSIS = YES;
				CLANG_WARN_STRICT_PROTOTYPES = YES;
				CLANG_WARN_SUSPICIOUS_MOVE = YES;
				CLANG_WARN_UNGUARDED_AVAILABILITY = YES_AGGRESSIVE;
				CLANG_WARN_UNREACHABLE_CODE = YES;
				CLANG_WARN__DUPLICATE_METHOD_MATCH = YES;
				COPY_PHASE_STRIP = NO;
				DEBUG_INFORMATION_FORMAT = dwarf;
				ENABLE_STRICT_OBJC_MSGSEND = YES;
				ENABLE_TESTABILITY = YES;
				GCC_C_LANGUAGE_STANDARD = gnu11;
				GCC_DYNAMIC_NO_PIC = NO;
				GCC_NO_COMMON_BLOCKS = YES;
				GCC_OPTIMIZATION_LEVEL = 0;
				GCC_PREPROCESSOR_DEFINITIONS = (
					"DEBUG=1",
					"$(inherited)",
				);
				GCC_WARN_64_TO_32_BIT_CONVERSION = YES;
				GCC_WARN_ABOUT_RETURN_TYPE = YES_ERROR;
				GCC_WARN_UNDECLARED_SELECTOR = YES;
				GCC_WARN_UNINITIALIZED_AUTOS = YES_AGGRESSIVE;
				GCC_WARN_UNUSED_FUNCTION = YES;
				GCC_WARN_UNUSED_VARIABLE = YES;
				IPHONEOS_DEPLOYMENT_TARGET = 13.0;
				MTL_ENABLE_DEBUG_INFO = INCLUDE_SOURCE;
				MTL_FAST_MATH = YES;
				ONLY_ACTIVE_ARCH = YES;
				SDKROOT = iphoneos;
				SWIFT_ACTIVE_COMPILATION_CONDITIONS = DEBUG;
				SWIFT_OPTIMIZATION_LEVEL = "-Onone";
			};
			name = Debug;
		};
		17104A86283E907500DAAFC1 /* Release */ = {
			isa = XCBuildConfiguration;
			buildSettings = {
				ALWAYS_SEARCH_USER_PATHS = NO;
				CLANG_ANALYZER_NONNULL = YES;
				CLANG_ANALYZER_NUMBER_OBJECT_CONVERSION = YES_AGGRESSIVE;
				CLANG_CXX_LANGUAGE_STANDARD = "gnu++17";
				CLANG_ENABLE_MODULES = YES;
				CLANG_ENABLE_OBJC_ARC = YES;
				CLANG_ENABLE_OBJC_WEAK = YES;
				CLANG_WARN_BLOCK_CAPTURE_AUTORELEASING = YES;
				CLANG_WARN_BOOL_CONVERSION = YES;
				CLANG_WARN_COMMA = YES;
				CLANG_WARN_CONSTANT_CONVERSION = YES;
				CLANG_WARN_DEPRECATED_OBJC_IMPLEMENTATIONS = YES;
				CLANG_WARN_DIRECT_OBJC_ISA_USAGE = YES_ERROR;
				CLANG_WARN_DOCUMENTATION_COMMENTS = YES;
				CLANG_WARN_EMPTY_BODY = YES;
				CLANG_WARN_ENUM_CONVERSION = YES;
				CLANG_WARN_INFINITE_RECURSION = YES;
				CLANG_WARN_INT_CONVERSION = YES;
				CLANG_WARN_NON_LITERAL_NULL_CONVERSION = YES;
				CLANG_WARN_OBJC_IMPLICIT_RETAIN_SELF = YES;
				CLANG_WARN_OBJC_LITERAL_CONVERSION = YES;
				CLANG_WARN_OBJC_ROOT_CLASS = YES_ERROR;
				CLANG_WARN_QUOTED_INCLUDE_IN_FRAMEWORK_HEADER = YES;
				CLANG_WARN_RANGE_LOOP_ANALYSIS = YES;
				CLANG_WARN_STRICT_PROTOTYPES = YES;
				CLANG_WARN_SUSPICIOUS_MOVE = YES;
				CLANG_WARN_UNGUARDED_AVAILABILITY = YES_AGGRESSIVE;
				CLANG_WARN_UNREACHABLE_CODE = YES;
				CLANG_WARN__DUPLICATE_METHOD_MATCH = YES;
				COPY_PHASE_STRIP = NO;
				DEBUG_INFORMATION_FORMAT = "dwarf-with-dsym";
				ENABLE_NS_ASSERTIONS = NO;
				ENABLE_STRICT_OBJC_MSGSEND = YES;
				GCC_C_LANGUAGE_STANDARD = gnu11;
				GCC_NO_COMMON_BLOCKS = YES;
				GCC_WARN_64_TO_32_BIT_CONVERSION = YES;
				GCC_WARN_ABOUT_RETURN_TYPE = YES_ERROR;
				GCC_WARN_UNDECLARED_SELECTOR = YES;
				GCC_WARN_UNINITIALIZED_AUTOS = YES_AGGRESSIVE;
				GCC_WARN_UNUSED_FUNCTION = YES;
				GCC_WARN_UNUSED_VARIABLE = YES;
				IPHONEOS_DEPLOYMENT_TARGET = 13.0;
				MTL_ENABLE_DEBUG_INFO = NO;
				MTL_FAST_MATH = YES;
				SDKROOT = iphoneos;
				SWIFT_COMPILATION_MODE = wholemodule;
				SWIFT_OPTIMIZATION_LEVEL = "-O";
				VALIDATE_PRODUCT = YES;
			};
			name = Release;
		};
		17104A88283E907500DAAFC1 /* Debug */ = {
			isa = XCBuildConfiguration;
			baseConfigurationReference = EED047D1FBDA0EEDCFE08FD5 /* Pods-WallapopCodingChallenge.debug.xcconfig */;
			buildSettings = {
				ASSETCATALOG_COMPILER_APPICON_NAME = AppIcon;
				ASSETCATALOG_COMPILER_GLOBAL_ACCENT_COLOR_NAME = AccentColor;
				CODE_SIGN_STYLE = Automatic;
				CURRENT_PROJECT_VERSION = 1;
				GENERATE_INFOPLIST_FILE = YES;
				INFOPLIST_FILE = WallapopCodingChallenge/Info.plist;
				INFOPLIST_KEY_UIApplicationSupportsIndirectInputEvents = YES;
				INFOPLIST_KEY_UILaunchStoryboardName = LaunchScreen;
				INFOPLIST_KEY_UISupportedInterfaceOrientations_iPad = "UIInterfaceOrientationPortrait UIInterfaceOrientationPortraitUpsideDown UIInterfaceOrientationLandscapeLeft UIInterfaceOrientationLandscapeRight";
				INFOPLIST_KEY_UISupportedInterfaceOrientations_iPhone = "UIInterfaceOrientationPortrait UIInterfaceOrientationLandscapeLeft UIInterfaceOrientationLandscapeRight";
				IPHONEOS_DEPLOYMENT_TARGET = 13.0;
				LD_RUNPATH_SEARCH_PATHS = (
					"$(inherited)",
					"@executable_path/Frameworks",
				);
				MARKETING_VERSION = 1.0;
				PRODUCT_BUNDLE_IDENTIFIER = com.napps.WallapopCodingChallenge;
				PRODUCT_NAME = "$(TARGET_NAME)";
				SWIFT_EMIT_LOC_STRINGS = YES;
				SWIFT_VERSION = 5.0;
				TARGETED_DEVICE_FAMILY = "1,2";
			};
			name = Debug;
		};
		17104A89283E907500DAAFC1 /* Release */ = {
			isa = XCBuildConfiguration;
			baseConfigurationReference = 0F0FAD2F94DAB6D15529B286 /* Pods-WallapopCodingChallenge.release.xcconfig */;
			buildSettings = {
				ASSETCATALOG_COMPILER_APPICON_NAME = AppIcon;
				ASSETCATALOG_COMPILER_GLOBAL_ACCENT_COLOR_NAME = AccentColor;
				CODE_SIGN_STYLE = Automatic;
				CURRENT_PROJECT_VERSION = 1;
				GENERATE_INFOPLIST_FILE = YES;
				INFOPLIST_FILE = WallapopCodingChallenge/Info.plist;
				INFOPLIST_KEY_UIApplicationSupportsIndirectInputEvents = YES;
				INFOPLIST_KEY_UILaunchStoryboardName = LaunchScreen;
				INFOPLIST_KEY_UISupportedInterfaceOrientations_iPad = "UIInterfaceOrientationPortrait UIInterfaceOrientationPortraitUpsideDown UIInterfaceOrientationLandscapeLeft UIInterfaceOrientationLandscapeRight";
				INFOPLIST_KEY_UISupportedInterfaceOrientations_iPhone = "UIInterfaceOrientationPortrait UIInterfaceOrientationLandscapeLeft UIInterfaceOrientationLandscapeRight";
				IPHONEOS_DEPLOYMENT_TARGET = 13.0;
				LD_RUNPATH_SEARCH_PATHS = (
					"$(inherited)",
					"@executable_path/Frameworks",
				);
				MARKETING_VERSION = 1.0;
				PRODUCT_BUNDLE_IDENTIFIER = com.napps.WallapopCodingChallenge;
				PRODUCT_NAME = "$(TARGET_NAME)";
				SWIFT_EMIT_LOC_STRINGS = YES;
				SWIFT_VERSION = 5.0;
				TARGETED_DEVICE_FAMILY = "1,2";
			};
			name = Release;
		};
		17104A8B283E907500DAAFC1 /* Debug */ = {
			isa = XCBuildConfiguration;
			baseConfigurationReference = 788E3516FC77AD6200C2F17D /* Pods-WallapopCodingChallengeTests.debug.xcconfig */;
			buildSettings = {
				ALWAYS_EMBED_SWIFT_STANDARD_LIBRARIES = YES;
				BUNDLE_LOADER = "$(TEST_HOST)";
				CODE_SIGN_STYLE = Automatic;
				CURRENT_PROJECT_VERSION = 1;
				GENERATE_INFOPLIST_FILE = YES;
				IPHONEOS_DEPLOYMENT_TARGET = 15.4;
				MARKETING_VERSION = 1.0;
				PRODUCT_BUNDLE_IDENTIFIER = com.napps.WallapopCodingChallengeTests;
				PRODUCT_NAME = "$(TARGET_NAME)";
				SWIFT_EMIT_LOC_STRINGS = NO;
				SWIFT_VERSION = 5.0;
				TARGETED_DEVICE_FAMILY = "1,2";
				TEST_HOST = "$(BUILT_PRODUCTS_DIR)/WallapopCodingChallenge.app/WallapopCodingChallenge";
			};
			name = Debug;
		};
		17104A8C283E907500DAAFC1 /* Release */ = {
			isa = XCBuildConfiguration;
			baseConfigurationReference = D0A3E0C36E4668FD3C52F8AB /* Pods-WallapopCodingChallengeTests.release.xcconfig */;
			buildSettings = {
				ALWAYS_EMBED_SWIFT_STANDARD_LIBRARIES = YES;
				BUNDLE_LOADER = "$(TEST_HOST)";
				CODE_SIGN_STYLE = Automatic;
				CURRENT_PROJECT_VERSION = 1;
				GENERATE_INFOPLIST_FILE = YES;
				IPHONEOS_DEPLOYMENT_TARGET = 15.4;
				MARKETING_VERSION = 1.0;
				PRODUCT_BUNDLE_IDENTIFIER = com.napps.WallapopCodingChallengeTests;
				PRODUCT_NAME = "$(TARGET_NAME)";
				SWIFT_EMIT_LOC_STRINGS = NO;
				SWIFT_VERSION = 5.0;
				TARGETED_DEVICE_FAMILY = "1,2";
				TEST_HOST = "$(BUILT_PRODUCTS_DIR)/WallapopCodingChallenge.app/WallapopCodingChallenge";
			};
			name = Release;
		};
		17104A8E283E907500DAAFC1 /* Debug */ = {
			isa = XCBuildConfiguration;
			baseConfigurationReference = CD3360FE0419CA5FE0306B0A /* Pods-WallapopCodingChallengeUITests.debug.xcconfig */;
			buildSettings = {
				ALWAYS_EMBED_SWIFT_STANDARD_LIBRARIES = YES;
				CODE_SIGN_STYLE = Automatic;
				CURRENT_PROJECT_VERSION = 1;
				GENERATE_INFOPLIST_FILE = YES;
				MARKETING_VERSION = 1.0;
				PRODUCT_BUNDLE_IDENTIFIER = com.napps.WallapopCodingChallengeUITests;
				PRODUCT_NAME = "$(TARGET_NAME)";
				SWIFT_EMIT_LOC_STRINGS = NO;
				SWIFT_VERSION = 5.0;
				TARGETED_DEVICE_FAMILY = "1,2";
				TEST_TARGET_NAME = WallapopCodingChallenge;
			};
			name = Debug;
		};
		17104A8F283E907500DAAFC1 /* Release */ = {
			isa = XCBuildConfiguration;
			baseConfigurationReference = 4711E53BD1F2A9A048751D3D /* Pods-WallapopCodingChallengeUITests.release.xcconfig */;
			buildSettings = {
				ALWAYS_EMBED_SWIFT_STANDARD_LIBRARIES = YES;
				CODE_SIGN_STYLE = Automatic;
				CURRENT_PROJECT_VERSION = 1;
				GENERATE_INFOPLIST_FILE = YES;
				MARKETING_VERSION = 1.0;
				PRODUCT_BUNDLE_IDENTIFIER = com.napps.WallapopCodingChallengeUITests;
				PRODUCT_NAME = "$(TARGET_NAME)";
				SWIFT_EMIT_LOC_STRINGS = NO;
				SWIFT_VERSION = 5.0;
				TARGETED_DEVICE_FAMILY = "1,2";
				TEST_TARGET_NAME = WallapopCodingChallenge;
			};
			name = Release;
		};
/* End XCBuildConfiguration section */

/* Begin XCConfigurationList section */
		17104A58283E907200DAAFC1 /* Build configuration list for PBXProject "WallapopCodingChallenge" */ = {
			isa = XCConfigurationList;
			buildConfigurations = (
				17104A85283E907500DAAFC1 /* Debug */,
				17104A86283E907500DAAFC1 /* Release */,
			);
			defaultConfigurationIsVisible = 0;
			defaultConfigurationName = Release;
		};
		17104A87283E907500DAAFC1 /* Build configuration list for PBXNativeTarget "WallapopCodingChallenge" */ = {
			isa = XCConfigurationList;
			buildConfigurations = (
				17104A88283E907500DAAFC1 /* Debug */,
				17104A89283E907500DAAFC1 /* Release */,
			);
			defaultConfigurationIsVisible = 0;
			defaultConfigurationName = Release;
		};
		17104A8A283E907500DAAFC1 /* Build configuration list for PBXNativeTarget "WallapopCodingChallengeTests" */ = {
			isa = XCConfigurationList;
			buildConfigurations = (
				17104A8B283E907500DAAFC1 /* Debug */,
				17104A8C283E907500DAAFC1 /* Release */,
			);
			defaultConfigurationIsVisible = 0;
			defaultConfigurationName = Release;
		};
		17104A8D283E907500DAAFC1 /* Build configuration list for PBXNativeTarget "WallapopCodingChallengeUITests" */ = {
			isa = XCConfigurationList;
			buildConfigurations = (
				17104A8E283E907500DAAFC1 /* Debug */,
				17104A8F283E907500DAAFC1 /* Release */,
			);
			defaultConfigurationIsVisible = 0;
			defaultConfigurationName = Release;
		};
/* End XCConfigurationList section */
	};
	rootObject = 17104A55283E907200DAAFC1 /* Project object */;
}
