// !$*UTF8*$!
{
	archiveVersion = 1;
	classes = {
	};
	objectVersion = 55;
	objects = {

/* Begin PBXBuildFile section */
		015B0D0F2B6DEA7A243B75FE /* Pods_WallapopCodingChallengeUITests.framework in Frameworks */ = {isa = PBXBuildFile; fileRef = C6F758B6454BC412D5898875 /* Pods_WallapopCodingChallengeUITests.framework */; };
		170AF6952861D0A300070E05 /* Info.plist in Resources */ = {isa = PBXBuildFile; fileRef = 1783AA1028435CCF00CD04FC /* Info.plist */; };
		170AF6962861D0AA00070E05 /* MarvelKeys.plist in Resources */ = {isa = PBXBuildFile; fileRef = 17DF0339284D0F9800715C25 /* MarvelKeys.plist */; };
		17104A61283E907200DAAFC1 /* AppDelegate.swift in Sources */ = {isa = PBXBuildFile; fileRef = 17104A60283E907200DAAFC1 /* AppDelegate.swift */; };
		17104A65283E907200DAAFC1 /* MarvelCharactersListViewController.swift in Sources */ = {isa = PBXBuildFile; fileRef = 17104A64283E907200DAAFC1 /* MarvelCharactersListViewController.swift */; };
		17104A6A283E907400DAAFC1 /* Assets.xcassets in Resources */ = {isa = PBXBuildFile; fileRef = 17104A69283E907400DAAFC1 /* Assets.xcassets */; };
		17104A82283E907500DAAFC1 /* WallapopCodingChallengeUITests.swift in Sources */ = {isa = PBXBuildFile; fileRef = 17104A81283E907500DAAFC1 /* WallapopCodingChallengeUITests.swift */; };
		17104A84283E907500DAAFC1 /* WallapopCodingChallengeUITestsLaunchTests.swift in Sources */ = {isa = PBXBuildFile; fileRef = 17104A83283E907500DAAFC1 /* WallapopCodingChallengeUITestsLaunchTests.swift */; };
		17104A92283E9CA900DAAFC1 /* Credentials.swift in Sources */ = {isa = PBXBuildFile; fileRef = 17104A91283E9CA900DAAFC1 /* Credentials.swift */; };
		17153CC528421A3300D91A0B /* ThumbnailModel.swift in Sources */ = {isa = PBXBuildFile; fileRef = 17153CC428421A3300D91A0B /* ThumbnailModel.swift */; };
		17153CCA28421D0200D91A0B /* ComicModel.swift in Sources */ = {isa = PBXBuildFile; fileRef = 17153CC928421D0200D91A0B /* ComicModel.swift */; };
		17153CE22842530900D91A0B /* UIView+Extension.swift in Sources */ = {isa = PBXBuildFile; fileRef = 17153CE12842530900D91A0B /* UIView+Extension.swift */; };
		17153CEE284284DD00D91A0B /* UIImageView+Extension.swift in Sources */ = {isa = PBXBuildFile; fileRef = 17153CED284284DD00D91A0B /* UIImageView+Extension.swift */; };
		1732C79B2846672D0032E1C6 /* UIColor+Extension.swift in Sources */ = {isa = PBXBuildFile; fileRef = 1732C79A2846672D0032E1C6 /* UIColor+Extension.swift */; };
		173FE840284C806300723F58 /* StoryboardType+Extension.swift in Sources */ = {isa = PBXBuildFile; fileRef = 173FE83F284C806300723F58 /* StoryboardType+Extension.swift */; };
		173FE842284C821900723F58 /* SplashScreen.storyboard in Resources */ = {isa = PBXBuildFile; fileRef = 173FE841284C821900723F58 /* SplashScreen.storyboard */; };
		173FE844284C851400723F58 /* SplashScreenViewController.swift in Sources */ = {isa = PBXBuildFile; fileRef = 173FE843284C851400723F58 /* SplashScreenViewController.swift */; };
		173FE850284C904400723F58 /* MarvelCharactersListViewModel.swift in Sources */ = {isa = PBXBuildFile; fileRef = 173FE84F284C904400723F58 /* MarvelCharactersListViewModel.swift */; };
		173FE854284C91AC00723F58 /* Character.swift in Sources */ = {isa = PBXBuildFile; fileRef = 173FE853284C91AC00723F58 /* Character.swift */; };
		173FE858284C9DF100723F58 /* MarvelCharactersListViewModelProtocol.swift in Sources */ = {isa = PBXBuildFile; fileRef = 173FE857284C9DF100723F58 /* MarvelCharactersListViewModelProtocol.swift */; };
		173FE86D284CB79A00723F58 /* MarvelCharacterDetailViewController.swift in Sources */ = {isa = PBXBuildFile; fileRef = 173FE86C284CB79A00723F58 /* MarvelCharacterDetailViewController.swift */; };
		173FE86F284CBAAC00723F58 /* NSAttributedString+Extension.swift in Sources */ = {isa = PBXBuildFile; fileRef = 173FE86E284CBAAC00723F58 /* NSAttributedString+Extension.swift */; };
		173FE876284CE7F600723F58 /* SearchView.swift in Sources */ = {isa = PBXBuildFile; fileRef = 173FE875284CE7F600723F58 /* SearchView.swift */; };
		173FE878284CE89700723F58 /* SearchBarView.swift in Sources */ = {isa = PBXBuildFile; fileRef = 173FE877284CE89600723F58 /* SearchBarView.swift */; };
		173FE87A284CEE1100723F58 /* SearchBarComponent.swift in Sources */ = {isa = PBXBuildFile; fileRef = 173FE879284CEE1100723F58 /* SearchBarComponent.swift */; };
		173FE87C284CEE3000723F58 /* SearchBarTextField.swift in Sources */ = {isa = PBXBuildFile; fileRef = 173FE87B284CEE3000723F58 /* SearchBarTextField.swift */; };
		173FE87E284CF06200723F58 /* UINavigationController+Extension.swift in Sources */ = {isa = PBXBuildFile; fileRef = 173FE87D284CF06200723F58 /* UINavigationController+Extension.swift */; };
		173FE880284CF11700723F58 /* Data+Extension.swift in Sources */ = {isa = PBXBuildFile; fileRef = 173FE87F284CF11700723F58 /* Data+Extension.swift */; };
		173FE882284CF14500723F58 /* UIViewController+Extension.swift in Sources */ = {isa = PBXBuildFile; fileRef = 173FE881284CF14500723F58 /* UIViewController+Extension.swift */; };
		173FE884284CF2EE00723F58 /* AdditionalInfo.swift in Sources */ = {isa = PBXBuildFile; fileRef = 173FE883284CF2EE00723F58 /* AdditionalInfo.swift */; };
		173FE886284CF31200723F58 /* MarvelImage.swift in Sources */ = {isa = PBXBuildFile; fileRef = 173FE885284CF31200723F58 /* MarvelImage.swift */; };
		173FE888284CF35400723F58 /* ExternalLinks.swift in Sources */ = {isa = PBXBuildFile; fileRef = 173FE887284CF35400723F58 /* ExternalLinks.swift */; };
		173FE88A284CF37200723F58 /* CharacterList.swift in Sources */ = {isa = PBXBuildFile; fileRef = 173FE889284CF37200723F58 /* CharacterList.swift */; };
		173FE88C284CF39B00723F58 /* AdditionalInfoList.swift in Sources */ = {isa = PBXBuildFile; fileRef = 173FE88B284CF39B00723F58 /* AdditionalInfoList.swift */; };
		173FE88E284CF3F000723F58 /* MarvelProvider.swift in Sources */ = {isa = PBXBuildFile; fileRef = 173FE88D284CF3F000723F58 /* MarvelProvider.swift */; };
		173FE894284CF84800723F58 /* MarvelCharacterCollectionViewCell.swift in Sources */ = {isa = PBXBuildFile; fileRef = 173FE893284CF84800723F58 /* MarvelCharacterCollectionViewCell.swift */; };
		17BCECBD28437D4F008248B5 /* NavigationItem.swift in Sources */ = {isa = PBXBuildFile; fileRef = 17BCECBC28437D4F008248B5 /* NavigationItem.swift */; };
		17BCECBF28437D8D008248B5 /* NavigableViewController.swift in Sources */ = {isa = PBXBuildFile; fileRef = 17BCECBE28437D8D008248B5 /* NavigableViewController.swift */; };
		17BCECC128439336008248B5 /* UIFont+Extension.swift in Sources */ = {isa = PBXBuildFile; fileRef = 17BCECC028439336008248B5 /* UIFont+Extension.swift */; };
		17DF030C284CFAE500715C25 /* MarvelComicCollectionViewCell.swift in Sources */ = {isa = PBXBuildFile; fileRef = 17DF030B284CFAE500715C25 /* MarvelComicCollectionViewCell.swift */; };
		17DF030E284CFB0800715C25 /* SearchBarComponentProtocol.swift in Sources */ = {isa = PBXBuildFile; fileRef = 17DF030D284CFB0800715C25 /* SearchBarComponentProtocol.swift */; };
		17DF0310284CFB9100715C25 /* MainCharacterInfoCollectionViewCell.swift in Sources */ = {isa = PBXBuildFile; fileRef = 17DF030F284CFB9100715C25 /* MainCharacterInfoCollectionViewCell.swift */; };
		17DF0312284CFC2300715C25 /* MarvelCollectionContainerCollectionViewCell.swift in Sources */ = {isa = PBXBuildFile; fileRef = 17DF0311284CFC2300715C25 /* MarvelCollectionContainerCollectionViewCell.swift */; };
		17DF0314284CFCA900715C25 /* SectionHeaderTitleCollectionReusableView.swift in Sources */ = {isa = PBXBuildFile; fileRef = 17DF0313284CFCA900715C25 /* SectionHeaderTitleCollectionReusableView.swift */; };
		17DF0316284CFCDE00715C25 /* CharacterImageCollectionViewCell.swift in Sources */ = {isa = PBXBuildFile; fileRef = 17DF0315284CFCDE00715C25 /* CharacterImageCollectionViewCell.swift */; };
		17DF031A284CFF2B00715C25 /* MarvelCharacterViewModel.swift in Sources */ = {isa = PBXBuildFile; fileRef = 17DF0319284CFF2B00715C25 /* MarvelCharacterViewModel.swift */; };
		17DF031C284CFF4A00715C25 /* MarvelCharacterViewModelProtocol.swift in Sources */ = {isa = PBXBuildFile; fileRef = 17DF031B284CFF4A00715C25 /* MarvelCharacterViewModelProtocol.swift */; };
		17DF031E284CFF7C00715C25 /* MarvelWebViewController.swift in Sources */ = {isa = PBXBuildFile; fileRef = 17DF031D284CFF7C00715C25 /* MarvelWebViewController.swift */; };
		17DF0322284D046B00715C25 /* FlowStartingPoint.swift in Sources */ = {isa = PBXBuildFile; fileRef = 17DF0321284D046B00715C25 /* FlowStartingPoint.swift */; };
		17DF0325284D0AE400715C25 /* MarvelCharactersListTests.swift in Sources */ = {isa = PBXBuildFile; fileRef = 17DF0324284D0AE400715C25 /* MarvelCharactersListTests.swift */; };
		17DF0327284D0B9000715C25 /* MarvelCharacterDetailTests.swift in Sources */ = {isa = PBXBuildFile; fileRef = 17DF0326284D0B9000715C25 /* MarvelCharacterDetailTests.swift */; };
		17DF032D284D0BEA00715C25 /* MarvelEventMock.json in Resources */ = {isa = PBXBuildFile; fileRef = 17DF0329284D0BEA00715C25 /* MarvelEventMock.json */; };
		17DF032E284D0BEA00715C25 /* MarvelComicsMock.json in Resources */ = {isa = PBXBuildFile; fileRef = 17DF032A284D0BEA00715C25 /* MarvelComicsMock.json */; };
		17DF032F284D0BEA00715C25 /* MarvelListMock.json in Resources */ = {isa = PBXBuildFile; fileRef = 17DF032B284D0BEA00715C25 /* MarvelListMock.json */; };
		17DF0330284D0BEA00715C25 /* MarvelListSearchMock.json in Resources */ = {isa = PBXBuildFile; fileRef = 17DF032C284D0BEA00715C25 /* MarvelListSearchMock.json */; };
		17DF0344284D3DBB00715C25 /* Documentation.docc in Sources */ = {isa = PBXBuildFile; fileRef = 17DF0343284D3DBB00715C25 /* Documentation.docc */; };
		21805DA9320C19A51F7A8497 /* Pods_WallapopCodingChallengeTests.framework in Frameworks */ = {isa = PBXBuildFile; fileRef = D45FB4ADA5697BD323816791 /* Pods_WallapopCodingChallengeTests.framework */; };
		A9B0097E6FAC3D4D0F68323F /* Pods_WallapopCodingChallenge.framework in Frameworks */ = {isa = PBXBuildFile; fileRef = E0DC6116309D09AF876D73AC /* Pods_WallapopCodingChallenge.framework */; };
/* End PBXBuildFile section */

/* Begin PBXContainerItemProxy section */
		17104A74283E907500DAAFC1 /* PBXContainerItemProxy */ = {
			isa = PBXContainerItemProxy;
			containerPortal = 17104A55283E907200DAAFC1 /* Project object */;
			proxyType = 1;
			remoteGlobalIDString = 17104A5C283E907200DAAFC1;
			remoteInfo = WallapopCodingChallenge;
		};
		17104A7E283E907500DAAFC1 /* PBXContainerItemProxy */ = {
			isa = PBXContainerItemProxy;
			containerPortal = 17104A55283E907200DAAFC1 /* Project object */;
			proxyType = 1;
			remoteGlobalIDString = 17104A5C283E907200DAAFC1;
			remoteInfo = WallapopCodingChallenge;
		};
/* End PBXContainerItemProxy section */

/* Begin PBXFileReference section */
		0F0FAD2F94DAB6D15529B286 /* Pods-WallapopCodingChallenge.release.xcconfig */ = {isa = PBXFileReference; includeInIndex = 1; lastKnownFileType = text.xcconfig; name = "Pods-WallapopCodingChallenge.release.xcconfig"; path = "Target Support Files/Pods-WallapopCodingChallenge/Pods-WallapopCodingChallenge.release.xcconfig"; sourceTree = "<group>"; };
		17104A5D283E907200DAAFC1 /* WallapopCodingChallenge.app */ = {isa = PBXFileReference; explicitFileType = wrapper.application; includeInIndex = 0; path = WallapopCodingChallenge.app; sourceTree = BUILT_PRODUCTS_DIR; };
		17104A60283E907200DAAFC1 /* AppDelegate.swift */ = {isa = PBXFileReference; lastKnownFileType = sourcecode.swift; path = AppDelegate.swift; sourceTree = "<group>"; };
		17104A64283E907200DAAFC1 /* MarvelCharactersListViewController.swift */ = {isa = PBXFileReference; lastKnownFileType = sourcecode.swift; path = MarvelCharactersListViewController.swift; sourceTree = "<group>"; };
		17104A69283E907400DAAFC1 /* Assets.xcassets */ = {isa = PBXFileReference; lastKnownFileType = folder.assetcatalog; path = Assets.xcassets; sourceTree = "<group>"; };
		17104A73283E907500DAAFC1 /* WallapopCodingChallengeTests.xctest */ = {isa = PBXFileReference; explicitFileType = wrapper.cfbundle; includeInIndex = 0; path = WallapopCodingChallengeTests.xctest; sourceTree = BUILT_PRODUCTS_DIR; };
		17104A7D283E907500DAAFC1 /* WallapopCodingChallengeUITests.xctest */ = {isa = PBXFileReference; explicitFileType = wrapper.cfbundle; includeInIndex = 0; path = WallapopCodingChallengeUITests.xctest; sourceTree = BUILT_PRODUCTS_DIR; };
		17104A81283E907500DAAFC1 /* WallapopCodingChallengeUITests.swift */ = {isa = PBXFileReference; lastKnownFileType = sourcecode.swift; path = WallapopCodingChallengeUITests.swift; sourceTree = "<group>"; };
		17104A83283E907500DAAFC1 /* WallapopCodingChallengeUITestsLaunchTests.swift */ = {isa = PBXFileReference; lastKnownFileType = sourcecode.swift; path = WallapopCodingChallengeUITestsLaunchTests.swift; sourceTree = "<group>"; };
		17104A91283E9CA900DAAFC1 /* Credentials.swift */ = {isa = PBXFileReference; lastKnownFileType = sourcecode.swift; path = Credentials.swift; sourceTree = "<group>"; };
		17153CC428421A3300D91A0B /* ThumbnailModel.swift */ = {isa = PBXFileReference; lastKnownFileType = sourcecode.swift; path = ThumbnailModel.swift; sourceTree = "<group>"; };
		17153CC928421D0200D91A0B /* ComicModel.swift */ = {isa = PBXFileReference; lastKnownFileType = sourcecode.swift; path = ComicModel.swift; sourceTree = "<group>"; };
		17153CE12842530900D91A0B /* UIView+Extension.swift */ = {isa = PBXFileReference; lastKnownFileType = sourcecode.swift; path = "UIView+Extension.swift"; sourceTree = "<group>"; };
		17153CED284284DD00D91A0B /* UIImageView+Extension.swift */ = {isa = PBXFileReference; lastKnownFileType = sourcecode.swift; path = "UIImageView+Extension.swift"; sourceTree = "<group>"; };
		1732C79A2846672D0032E1C6 /* UIColor+Extension.swift */ = {isa = PBXFileReference; lastKnownFileType = sourcecode.swift; path = "UIColor+Extension.swift"; sourceTree = "<group>"; };
		173FE83F284C806300723F58 /* StoryboardType+Extension.swift */ = {isa = PBXFileReference; lastKnownFileType = sourcecode.swift; path = "StoryboardType+Extension.swift"; sourceTree = "<group>"; };
		173FE841284C821900723F58 /* SplashScreen.storyboard */ = {isa = PBXFileReference; lastKnownFileType = file.storyboard; path = SplashScreen.storyboard; sourceTree = "<group>"; };
		173FE843284C851400723F58 /* SplashScreenViewController.swift */ = {isa = PBXFileReference; lastKnownFileType = sourcecode.swift; path = SplashScreenViewController.swift; sourceTree = "<group>"; };
		173FE84F284C904400723F58 /* MarvelCharactersListViewModel.swift */ = {isa = PBXFileReference; lastKnownFileType = sourcecode.swift; path = MarvelCharactersListViewModel.swift; sourceTree = "<group>"; };
		173FE853284C91AC00723F58 /* Character.swift */ = {isa = PBXFileReference; lastKnownFileType = sourcecode.swift; path = Character.swift; sourceTree = "<group>"; };
		173FE857284C9DF100723F58 /* MarvelCharactersListViewModelProtocol.swift */ = {isa = PBXFileReference; lastKnownFileType = sourcecode.swift; path = MarvelCharactersListViewModelProtocol.swift; sourceTree = "<group>"; };
		173FE86C284CB79A00723F58 /* MarvelCharacterDetailViewController.swift */ = {isa = PBXFileReference; lastKnownFileType = sourcecode.swift; path = MarvelCharacterDetailViewController.swift; sourceTree = "<group>"; };
		173FE86E284CBAAC00723F58 /* NSAttributedString+Extension.swift */ = {isa = PBXFileReference; lastKnownFileType = sourcecode.swift; path = "NSAttributedString+Extension.swift"; sourceTree = "<group>"; };
		173FE875284CE7F600723F58 /* SearchView.swift */ = {isa = PBXFileReference; lastKnownFileType = sourcecode.swift; path = SearchView.swift; sourceTree = "<group>"; };
		173FE877284CE89600723F58 /* SearchBarView.swift */ = {isa = PBXFileReference; lastKnownFileType = sourcecode.swift; path = SearchBarView.swift; sourceTree = "<group>"; };
		173FE879284CEE1100723F58 /* SearchBarComponent.swift */ = {isa = PBXFileReference; lastKnownFileType = sourcecode.swift; path = SearchBarComponent.swift; sourceTree = "<group>"; };
		173FE87B284CEE3000723F58 /* SearchBarTextField.swift */ = {isa = PBXFileReference; lastKnownFileType = sourcecode.swift; path = SearchBarTextField.swift; sourceTree = "<group>"; };
		173FE87D284CF06200723F58 /* UINavigationController+Extension.swift */ = {isa = PBXFileReference; lastKnownFileType = sourcecode.swift; path = "UINavigationController+Extension.swift"; sourceTree = "<group>"; };
		173FE87F284CF11700723F58 /* Data+Extension.swift */ = {isa = PBXFileReference; lastKnownFileType = sourcecode.swift; path = "Data+Extension.swift"; sourceTree = "<group>"; };
		173FE881284CF14500723F58 /* UIViewController+Extension.swift */ = {isa = PBXFileReference; lastKnownFileType = sourcecode.swift; path = "UIViewController+Extension.swift"; sourceTree = "<group>"; };
		173FE883284CF2EE00723F58 /* AdditionalInfo.swift */ = {isa = PBXFileReference; lastKnownFileType = sourcecode.swift; path = AdditionalInfo.swift; sourceTree = "<group>"; };
		173FE885284CF31200723F58 /* MarvelImage.swift */ = {isa = PBXFileReference; lastKnownFileType = sourcecode.swift; path = MarvelImage.swift; sourceTree = "<group>"; };
		173FE887284CF35400723F58 /* ExternalLinks.swift */ = {isa = PBXFileReference; lastKnownFileType = sourcecode.swift; path = ExternalLinks.swift; sourceTree = "<group>"; };
		173FE889284CF37200723F58 /* CharacterList.swift */ = {isa = PBXFileReference; lastKnownFileType = sourcecode.swift; path = CharacterList.swift; sourceTree = "<group>"; };
		173FE88B284CF39B00723F58 /* AdditionalInfoList.swift */ = {isa = PBXFileReference; lastKnownFileType = sourcecode.swift; path = AdditionalInfoList.swift; sourceTree = "<group>"; };
		173FE88D284CF3F000723F58 /* MarvelProvider.swift */ = {isa = PBXFileReference; lastKnownFileType = sourcecode.swift; path = MarvelProvider.swift; sourceTree = "<group>"; };
		173FE893284CF84800723F58 /* MarvelCharacterCollectionViewCell.swift */ = {isa = PBXFileReference; lastKnownFileType = sourcecode.swift; path = MarvelCharacterCollectionViewCell.swift; sourceTree = "<group>"; };
		1783AA1028435CCF00CD04FC /* Info.plist */ = {isa = PBXFileReference; fileEncoding = 4; lastKnownFileType = text.plist.xml; path = Info.plist; sourceTree = "<group>"; };
		17BCECBC28437D4F008248B5 /* NavigationItem.swift */ = {isa = PBXFileReference; lastKnownFileType = sourcecode.swift; path = NavigationItem.swift; sourceTree = "<group>"; };
		17BCECBE28437D8D008248B5 /* NavigableViewController.swift */ = {isa = PBXFileReference; lastKnownFileType = sourcecode.swift; path = NavigableViewController.swift; sourceTree = "<group>"; };
		17BCECC028439336008248B5 /* UIFont+Extension.swift */ = {isa = PBXFileReference; lastKnownFileType = sourcecode.swift; path = "UIFont+Extension.swift"; sourceTree = "<group>"; };
		17DF030B284CFAE500715C25 /* MarvelComicCollectionViewCell.swift */ = {isa = PBXFileReference; lastKnownFileType = sourcecode.swift; path = MarvelComicCollectionViewCell.swift; sourceTree = "<group>"; };
		17DF030D284CFB0800715C25 /* SearchBarComponentProtocol.swift */ = {isa = PBXFileReference; fileEncoding = 4; lastKnownFileType = sourcecode.swift; path = SearchBarComponentProtocol.swift; sourceTree = "<group>"; };
		17DF030F284CFB9100715C25 /* MainCharacterInfoCollectionViewCell.swift */ = {isa = PBXFileReference; lastKnownFileType = sourcecode.swift; path = MainCharacterInfoCollectionViewCell.swift; sourceTree = "<group>"; };
		17DF0311284CFC2300715C25 /* MarvelCollectionContainerCollectionViewCell.swift */ = {isa = PBXFileReference; lastKnownFileType = sourcecode.swift; path = MarvelCollectionContainerCollectionViewCell.swift; sourceTree = "<group>"; };
		17DF0313284CFCA900715C25 /* SectionHeaderTitleCollectionReusableView.swift */ = {isa = PBXFileReference; lastKnownFileType = sourcecode.swift; path = SectionHeaderTitleCollectionReusableView.swift; sourceTree = "<group>"; };
		17DF0315284CFCDE00715C25 /* CharacterImageCollectionViewCell.swift */ = {isa = PBXFileReference; lastKnownFileType = sourcecode.swift; path = CharacterImageCollectionViewCell.swift; sourceTree = "<group>"; };
		17DF0319284CFF2B00715C25 /* MarvelCharacterViewModel.swift */ = {isa = PBXFileReference; lastKnownFileType = sourcecode.swift; path = MarvelCharacterViewModel.swift; sourceTree = "<group>"; };
		17DF031B284CFF4A00715C25 /* MarvelCharacterViewModelProtocol.swift */ = {isa = PBXFileReference; lastKnownFileType = sourcecode.swift; path = MarvelCharacterViewModelProtocol.swift; sourceTree = "<group>"; };
		17DF031D284CFF7C00715C25 /* MarvelWebViewController.swift */ = {isa = PBXFileReference; lastKnownFileType = sourcecode.swift; path = MarvelWebViewController.swift; sourceTree = "<group>"; };
		17DF0321284D046B00715C25 /* FlowStartingPoint.swift */ = {isa = PBXFileReference; lastKnownFileType = sourcecode.swift; path = FlowStartingPoint.swift; sourceTree = "<group>"; };
		17DF0324284D0AE400715C25 /* MarvelCharactersListTests.swift */ = {isa = PBXFileReference; lastKnownFileType = sourcecode.swift; path = MarvelCharactersListTests.swift; sourceTree = "<group>"; };
		17DF0326284D0B9000715C25 /* MarvelCharacterDetailTests.swift */ = {isa = PBXFileReference; lastKnownFileType = sourcecode.swift; path = MarvelCharacterDetailTests.swift; sourceTree = "<group>"; };
		17DF0329284D0BEA00715C25 /* MarvelEventMock.json */ = {isa = PBXFileReference; fileEncoding = 4; lastKnownFileType = text.json; path = MarvelEventMock.json; sourceTree = "<group>"; };
		17DF032A284D0BEA00715C25 /* MarvelComicsMock.json */ = {isa = PBXFileReference; fileEncoding = 4; lastKnownFileType = text.json; path = MarvelComicsMock.json; sourceTree = "<group>"; };
		17DF032B284D0BEA00715C25 /* MarvelListMock.json */ = {isa = PBXFileReference; fileEncoding = 4; lastKnownFileType = text.json; path = MarvelListMock.json; sourceTree = "<group>"; };
		17DF032C284D0BEA00715C25 /* MarvelListSearchMock.json */ = {isa = PBXFileReference; fileEncoding = 4; lastKnownFileType = text.json; path = MarvelListSearchMock.json; sourceTree = "<group>"; };
		17DF0339284D0F9800715C25 /* MarvelKeys.plist */ = {isa = PBXFileReference; fileEncoding = 4; lastKnownFileType = text.plist.xml; path = MarvelKeys.plist; sourceTree = "<group>"; };
		17DF0343284D3DBB00715C25 /* Documentation.docc */ = {isa = PBXFileReference; lastKnownFileType = folder.documentationcatalog; path = Documentation.docc; sourceTree = "<group>"; };
		4711E53BD1F2A9A048751D3D /* Pods-WallapopCodingChallengeUITests.release.xcconfig */ = {isa = PBXFileReference; includeInIndex = 1; lastKnownFileType = text.xcconfig; name = "Pods-WallapopCodingChallengeUITests.release.xcconfig"; path = "Target Support Files/Pods-WallapopCodingChallengeUITests/Pods-WallapopCodingChallengeUITests.release.xcconfig"; sourceTree = "<group>"; };
		788E3516FC77AD6200C2F17D /* Pods-WallapopCodingChallengeTests.debug.xcconfig */ = {isa = PBXFileReference; includeInIndex = 1; lastKnownFileType = text.xcconfig; name = "Pods-WallapopCodingChallengeTests.debug.xcconfig"; path = "Target Support Files/Pods-WallapopCodingChallengeTests/Pods-WallapopCodingChallengeTests.debug.xcconfig"; sourceTree = "<group>"; };
		C6F758B6454BC412D5898875 /* Pods_WallapopCodingChallengeUITests.framework */ = {isa = PBXFileReference; explicitFileType = wrapper.framework; includeInIndex = 0; path = Pods_WallapopCodingChallengeUITests.framework; sourceTree = BUILT_PRODUCTS_DIR; };
		CD3360FE0419CA5FE0306B0A /* Pods-WallapopCodingChallengeUITests.debug.xcconfig */ = {isa = PBXFileReference; includeInIndex = 1; lastKnownFileType = text.xcconfig; name = "Pods-WallapopCodingChallengeUITests.debug.xcconfig"; path = "Target Support Files/Pods-WallapopCodingChallengeUITests/Pods-WallapopCodingChallengeUITests.debug.xcconfig"; sourceTree = "<group>"; };
		D0A3E0C36E4668FD3C52F8AB /* Pods-WallapopCodingChallengeTests.release.xcconfig */ = {isa = PBXFileReference; includeInIndex = 1; lastKnownFileType = text.xcconfig; name = "Pods-WallapopCodingChallengeTests.release.xcconfig"; path = "Target Support Files/Pods-WallapopCodingChallengeTests/Pods-WallapopCodingChallengeTests.release.xcconfig"; sourceTree = "<group>"; };
		D45FB4ADA5697BD323816791 /* Pods_WallapopCodingChallengeTests.framework */ = {isa = PBXFileReference; explicitFileType = wrapper.framework; includeInIndex = 0; path = Pods_WallapopCodingChallengeTests.framework; sourceTree = BUILT_PRODUCTS_DIR; };
		E0DC6116309D09AF876D73AC /* Pods_WallapopCodingChallenge.framework */ = {isa = PBXFileReference; explicitFileType = wrapper.framework; includeInIndex = 0; path = Pods_WallapopCodingChallenge.framework; sourceTree = BUILT_PRODUCTS_DIR; };
		EED047D1FBDA0EEDCFE08FD5 /* Pods-WallapopCodingChallenge.debug.xcconfig */ = {isa = PBXFileReference; includeInIndex = 1; lastKnownFileType = text.xcconfig; name = "Pods-WallapopCodingChallenge.debug.xcconfig"; path = "Target Support Files/Pods-WallapopCodingChallenge/Pods-WallapopCodingChallenge.debug.xcconfig"; sourceTree = "<group>"; };
/* End PBXFileReference section */

/* Begin PBXFrameworksBuildPhase section */
		17104A5A283E907200DAAFC1 /* Frameworks */ = {
			isa = PBXFrameworksBuildPhase;
			buildActionMask = 2147483647;
			files = (
				A9B0097E6FAC3D4D0F68323F /* Pods_WallapopCodingChallenge.framework in Frameworks */,
			);
			runOnlyForDeploymentPostprocessing = 0;
		};
		17104A70283E907500DAAFC1 /* Frameworks */ = {
			isa = PBXFrameworksBuildPhase;
			buildActionMask = 2147483647;
			files = (
				21805DA9320C19A51F7A8497 /* Pods_WallapopCodingChallengeTests.framework in Frameworks */,
			);
			runOnlyForDeploymentPostprocessing = 0;
		};
		17104A7A283E907500DAAFC1 /* Frameworks */ = {
			isa = PBXFrameworksBuildPhase;
			buildActionMask = 2147483647;
			files = (
				015B0D0F2B6DEA7A243B75FE /* Pods_WallapopCodingChallengeUITests.framework in Frameworks */,
			);
			runOnlyForDeploymentPostprocessing = 0;
		};
/* End PBXFrameworksBuildPhase section */

/* Begin PBXGroup section */
		17104A54283E907200DAAFC1 = {
			isa = PBXGroup;
			children = (
				17104A5F283E907200DAAFC1 /* WallapopCodingChallenge */,
				17104A76283E907500DAAFC1 /* WallapopCodingChallengeTests */,
				17104A80283E907500DAAFC1 /* WallapopCodingChallengeUITests */,
				17104A5E283E907200DAAFC1 /* Products */,
				4C761E520BBB4303A95D50D9 /* Pods */,
				A90612021B2E77E4EBC0DE50 /* Frameworks */,
			);
			sourceTree = "<group>";
		};
		17104A5E283E907200DAAFC1 /* Products */ = {
			isa = PBXGroup;
			children = (
				17104A5D283E907200DAAFC1 /* WallapopCodingChallenge.app */,
				17104A73283E907500DAAFC1 /* WallapopCodingChallengeTests.xctest */,
				17104A7D283E907500DAAFC1 /* WallapopCodingChallengeUITests.xctest */,
			);
			name = Products;
			sourceTree = "<group>";
		};
		17104A5F283E907200DAAFC1 /* WallapopCodingChallenge */ = {
			isa = PBXGroup;
			children = (
				173FE871284CE23E00723F58 /* components */,
				17153CD72842317B00D91A0B /* extensions */,
				17BCECB928437C2E008248B5 /* managers */,
				17104A95283E9D2E00DAAFC1 /* model */,
				17104A94283E9D2900DAAFC1 /* view */,
				17104A93283E9D2300DAAFC1 /* viewmodel */,
				17104A90283E9C9500DAAFC1 /* resources */,
				17E8F8D1283FD62200B69A8E /* provider */,
				17104A60283E907200DAAFC1 /* AppDelegate.swift */,
				1783AA1028435CCF00CD04FC /* Info.plist */,
				17DF0339284D0F9800715C25 /* MarvelKeys.plist */,
				17DF0321284D046B00715C25 /* FlowStartingPoint.swift */,
				17DF0343284D3DBB00715C25 /* Documentation.docc */,
			);
			path = WallapopCodingChallenge;
			sourceTree = "<group>";
		};
		17104A76283E907500DAAFC1 /* WallapopCodingChallengeTests */ = {
			isa = PBXGroup;
			children = (
				17DF0323284D0ABD00715C25 /* Tests */,
				17DF0328284D0BEA00715C25 /* Resources */,
			);
			path = WallapopCodingChallengeTests;
			sourceTree = "<group>";
		};
		17104A80283E907500DAAFC1 /* WallapopCodingChallengeUITests */ = {
			isa = PBXGroup;
			children = (
				17104A81283E907500DAAFC1 /* WallapopCodingChallengeUITests.swift */,
				17104A83283E907500DAAFC1 /* WallapopCodingChallengeUITestsLaunchTests.swift */,
			);
			path = WallapopCodingChallengeUITests;
			sourceTree = "<group>";
		};
		17104A90283E9C9500DAAFC1 /* resources */ = {
			isa = PBXGroup;
			children = (
				17104A69283E907400DAAFC1 /* Assets.xcassets */,
				17104A91283E9CA900DAAFC1 /* Credentials.swift */,
			);
			path = resources;
			sourceTree = "<group>";
		};
		17104A93283E9D2300DAAFC1 /* viewmodel */ = {
			isa = PBXGroup;
			children = (
				17DF0318284CFF0900715C25 /* Marvel Character Detail */,
				17DF0317284CFEF400715C25 /* Marvel Characters List */,
			);
			path = viewmodel;
			sourceTree = "<group>";
		};
		17104A94283E9D2900DAAFC1 /* view */ = {
			isa = PBXGroup;
			children = (
				173FE895284CF9DA00723F58 /* Cells */,
				173FE85B284CAA9B00723F58 /* Storyboards */,
				17153CDA284233B000D91A0B /* ViewControllers */,
			);
			path = view;
			sourceTree = "<group>";
		};
		17104A95283E9D2E00DAAFC1 /* model */ = {
			isa = PBXGroup;
			children = (
				17153CBD28420A4B00D91A0B /* Networking */,
			);
			path = model;
			sourceTree = "<group>";
		};
		17153CBD28420A4B00D91A0B /* Networking */ = {
			isa = PBXGroup;
			children = (
				173FE883284CF2EE00723F58 /* AdditionalInfo.swift */,
				173FE88B284CF39B00723F58 /* AdditionalInfoList.swift */,
				173FE853284C91AC00723F58 /* Character.swift */,
				173FE889284CF37200723F58 /* CharacterList.swift */,
				17153CC928421D0200D91A0B /* ComicModel.swift */,
				173FE887284CF35400723F58 /* ExternalLinks.swift */,
				173FE885284CF31200723F58 /* MarvelImage.swift */,
				17153CC428421A3300D91A0B /* ThumbnailModel.swift */,
			);
			path = Networking;
			sourceTree = "<group>";
		};
		17153CD72842317B00D91A0B /* extensions */ = {
			isa = PBXGroup;
			children = (
				173FE87F284CF11700723F58 /* Data+Extension.swift */,
				173FE83F284C806300723F58 /* StoryboardType+Extension.swift */,
				1732C79A2846672D0032E1C6 /* UIColor+Extension.swift */,
				17BCECC028439336008248B5 /* UIFont+Extension.swift */,
				17153CED284284DD00D91A0B /* UIImageView+Extension.swift */,
				173FE87D284CF06200723F58 /* UINavigationController+Extension.swift */,
				17153CE12842530900D91A0B /* UIView+Extension.swift */,
				173FE881284CF14500723F58 /* UIViewController+Extension.swift */,
				173FE86E284CBAAC00723F58 /* NSAttributedString+Extension.swift */,
			);
			path = extensions;
			sourceTree = "<group>";
		};
		17153CDA284233B000D91A0B /* ViewControllers */ = {
			isa = PBXGroup;
			children = (
				1783AA142843711300CD04FC /* Marvel Character Detail */,
				17153CE3284267ED00D91A0B /* Marvel Characters List */,
				1733E2A4284BF9DF000B1EDF /* Splash */,
			);
			path = ViewControllers;
			sourceTree = "<group>";
		};
		17153CE3284267ED00D91A0B /* Marvel Characters List */ = {
			isa = PBXGroup;
			children = (
				17104A64283E907200DAAFC1 /* MarvelCharactersListViewController.swift */,
			);
			path = "Marvel Characters List";
			sourceTree = "<group>";
		};
		1733E2A4284BF9DF000B1EDF /* Splash */ = {
			isa = PBXGroup;
			children = (
				173FE843284C851400723F58 /* SplashScreenViewController.swift */,
			);
			path = Splash;
			sourceTree = "<group>";
		};
		173FE85B284CAA9B00723F58 /* Storyboards */ = {
			isa = PBXGroup;
			children = (
				173FE841284C821900723F58 /* SplashScreen.storyboard */,
			);
			path = Storyboards;
			sourceTree = "<group>";
		};
		173FE871284CE23E00723F58 /* components */ = {
			isa = PBXGroup;
			children = (
				173FE872284CE24700723F58 /* SearchBar */,
			);
			path = components;
			sourceTree = "<group>";
		};
		173FE872284CE24700723F58 /* SearchBar */ = {
			isa = PBXGroup;
			children = (
				173FE879284CEE1100723F58 /* SearchBarComponent.swift */,
				17DF030D284CFB0800715C25 /* SearchBarComponentProtocol.swift */,
				173FE87B284CEE3000723F58 /* SearchBarTextField.swift */,
				173FE877284CE89600723F58 /* SearchBarView.swift */,
				173FE875284CE7F600723F58 /* SearchView.swift */,
			);
			path = SearchBar;
			sourceTree = "<group>";
		};
		173FE891284CF64E00723F58 /* Marvel Characters List */ = {
			isa = PBXGroup;
			children = (
				173FE893284CF84800723F58 /* MarvelCharacterCollectionViewCell.swift */,
			);
			path = "Marvel Characters List";
			sourceTree = "<group>";
		};
		173FE895284CF9DA00723F58 /* Cells */ = {
			isa = PBXGroup;
			children = (
				173FE896284CFA5500723F58 /* Marvel Character Detail */,
				173FE891284CF64E00723F58 /* Marvel Characters List */,
			);
			path = Cells;
			sourceTree = "<group>";
		};
		173FE896284CFA5500723F58 /* Marvel Character Detail */ = {
			isa = PBXGroup;
			children = (
				17DF030B284CFAE500715C25 /* MarvelComicCollectionViewCell.swift */,
				17DF030F284CFB9100715C25 /* MainCharacterInfoCollectionViewCell.swift */,
				17DF0311284CFC2300715C25 /* MarvelCollectionContainerCollectionViewCell.swift */,
				17DF0313284CFCA900715C25 /* SectionHeaderTitleCollectionReusableView.swift */,
				17DF0315284CFCDE00715C25 /* CharacterImageCollectionViewCell.swift */,
			);
			path = "Marvel Character Detail";
			sourceTree = "<group>";
		};
		1783AA142843711300CD04FC /* Marvel Character Detail */ = {
			isa = PBXGroup;
			children = (
				173FE86C284CB79A00723F58 /* MarvelCharacterDetailViewController.swift */,
				17DF031D284CFF7C00715C25 /* MarvelWebViewController.swift */,
			);
			path = "Marvel Character Detail";
			sourceTree = "<group>";
		};
		17BCECB928437C2E008248B5 /* managers */ = {
			isa = PBXGroup;
			children = (
				17BCECBB28437D42008248B5 /* Navigation */,
			);
			path = managers;
			sourceTree = "<group>";
		};
		17BCECBB28437D42008248B5 /* Navigation */ = {
			isa = PBXGroup;
			children = (
				17BCECBC28437D4F008248B5 /* NavigationItem.swift */,
				17BCECBE28437D8D008248B5 /* NavigableViewController.swift */,
			);
			path = Navigation;
			sourceTree = "<group>";
		};
		17DF0317284CFEF400715C25 /* Marvel Characters List */ = {
			isa = PBXGroup;
			children = (
				173FE84F284C904400723F58 /* MarvelCharactersListViewModel.swift */,
				173FE857284C9DF100723F58 /* MarvelCharactersListViewModelProtocol.swift */,
			);
			path = "Marvel Characters List";
			sourceTree = "<group>";
		};
		17DF0318284CFF0900715C25 /* Marvel Character Detail */ = {
			isa = PBXGroup;
			children = (
				17DF0319284CFF2B00715C25 /* MarvelCharacterViewModel.swift */,
				17DF031B284CFF4A00715C25 /* MarvelCharacterViewModelProtocol.swift */,
			);
			path = "Marvel Character Detail";
			sourceTree = "<group>";
		};
		17DF0323284D0ABD00715C25 /* Tests */ = {
			isa = PBXGroup;
			children = (
				17DF0324284D0AE400715C25 /* MarvelCharactersListTests.swift */,
				17DF0326284D0B9000715C25 /* MarvelCharacterDetailTests.swift */,
			);
			path = Tests;
			sourceTree = "<group>";
		};
		17DF0328284D0BEA00715C25 /* Resources */ = {
			isa = PBXGroup;
			children = (
				17DF0329284D0BEA00715C25 /* MarvelEventMock.json */,
				17DF032A284D0BEA00715C25 /* MarvelComicsMock.json */,
				17DF032B284D0BEA00715C25 /* MarvelListMock.json */,
				17DF032C284D0BEA00715C25 /* MarvelListSearchMock.json */,
			);
			path = Resources;
			sourceTree = "<group>";
		};
		17E8F8D1283FD62200B69A8E /* provider */ = {
			isa = PBXGroup;
			children = (
				173FE88D284CF3F000723F58 /* MarvelProvider.swift */,
			);
			path = provider;
			sourceTree = "<group>";
		};
		4C761E520BBB4303A95D50D9 /* Pods */ = {
			isa = PBXGroup;
			children = (
				EED047D1FBDA0EEDCFE08FD5 /* Pods-WallapopCodingChallenge.debug.xcconfig */,
				0F0FAD2F94DAB6D15529B286 /* Pods-WallapopCodingChallenge.release.xcconfig */,
				788E3516FC77AD6200C2F17D /* Pods-WallapopCodingChallengeTests.debug.xcconfig */,
				D0A3E0C36E4668FD3C52F8AB /* Pods-WallapopCodingChallengeTests.release.xcconfig */,
				CD3360FE0419CA5FE0306B0A /* Pods-WallapopCodingChallengeUITests.debug.xcconfig */,
				4711E53BD1F2A9A048751D3D /* Pods-WallapopCodingChallengeUITests.release.xcconfig */,
			);
			path = Pods;
			sourceTree = "<group>";
		};
		A90612021B2E77E4EBC0DE50 /* Frameworks */ = {
			isa = PBXGroup;
			children = (
				E0DC6116309D09AF876D73AC /* Pods_WallapopCodingChallenge.framework */,
				D45FB4ADA5697BD323816791 /* Pods_WallapopCodingChallengeTests.framework */,
				C6F758B6454BC412D5898875 /* Pods_WallapopCodingChallengeUITests.framework */,
			);
			name = Frameworks;
			sourceTree = "<group>";
		};
/* End PBXGroup section */

/* Begin PBXNativeTarget section */
		17104A5C283E907200DAAFC1 /* WallapopCodingChallenge */ = {
			isa = PBXNativeTarget;
			buildConfigurationList = 17104A87283E907500DAAFC1 /* Build configuration list for PBXNativeTarget "WallapopCodingChallenge" */;
			buildPhases = (
				1D80AC0CB3FB547A5AB43676 /* [CP] Check Pods Manifest.lock */,
				17104A59283E907200DAAFC1 /* Sources */,
				17104A5A283E907200DAAFC1 /* Frameworks */,
				17104A5B283E907200DAAFC1 /* Resources */,
				D2CBB4C6418C37195844C146 /* [CP] Embed Pods Frameworks */,
			);
			buildRules = (
			);
			dependencies = (
			);
			name = WallapopCodingChallenge;
			productName = WallapopCodingChallenge;
			productReference = 17104A5D283E907200DAAFC1 /* WallapopCodingChallenge.app */;
			productType = "com.apple.product-type.application";
		};
		17104A72283E907500DAAFC1 /* WallapopCodingChallengeTests */ = {
			isa = PBXNativeTarget;
			buildConfigurationList = 17104A8A283E907500DAAFC1 /* Build configuration list for PBXNativeTarget "WallapopCodingChallengeTests" */;
			buildPhases = (
				7DD80C27E9A77603CEE56589 /* [CP] Check Pods Manifest.lock */,
				17104A6F283E907500DAAFC1 /* Sources */,
				17104A70283E907500DAAFC1 /* Frameworks */,
				17104A71283E907500DAAFC1 /* Resources */,
				FCF7E84CA2F4AB0BE1BDE574 /* [CP] Embed Pods Frameworks */,
			);
			buildRules = (
			);
			dependencies = (
				17104A75283E907500DAAFC1 /* PBXTargetDependency */,
			);
			name = WallapopCodingChallengeTests;
			productName = WallapopCodingChallengeTests;
			productReference = 17104A73283E907500DAAFC1 /* WallapopCodingChallengeTests.xctest */;
			productType = "com.apple.product-type.bundle.unit-test";
		};
		17104A7C283E907500DAAFC1 /* WallapopCodingChallengeUITests */ = {
			isa = PBXNativeTarget;
			buildConfigurationList = 17104A8D283E907500DAAFC1 /* Build configuration list for PBXNativeTarget "WallapopCodingChallengeUITests" */;
			buildPhases = (
				84B7AD120000BC7D6FB14092 /* [CP] Check Pods Manifest.lock */,
				17104A79283E907500DAAFC1 /* Sources */,
				17104A7A283E907500DAAFC1 /* Frameworks */,
				17104A7B283E907500DAAFC1 /* Resources */,
				8FBD450F50DB66C5B46A9CB1 /* [CP] Embed Pods Frameworks */,
			);
			buildRules = (
			);
			dependencies = (
				17104A7F283E907500DAAFC1 /* PBXTargetDependency */,
			);
			name = WallapopCodingChallengeUITests;
			productName = WallapopCodingChallengeUITests;
			productReference = 17104A7D283E907500DAAFC1 /* WallapopCodingChallengeUITests.xctest */;
			productType = "com.apple.product-type.bundle.ui-testing";
		};
/* End PBXNativeTarget section */

/* Begin PBXProject section */
		17104A55283E907200DAAFC1 /* Project object */ = {
			isa = PBXProject;
			attributes = {
				BuildIndependentTargetsInParallel = 1;
				LastSwiftUpdateCheck = 1330;
				LastUpgradeCheck = 1330;
				TargetAttributes = {
					17104A5C283E907200DAAFC1 = {
						CreatedOnToolsVersion = 13.3;
					};
					17104A72283E907500DAAFC1 = {
						CreatedOnToolsVersion = 13.3;
						TestTargetID = 17104A5C283E907200DAAFC1;
					};
					17104A7C283E907500DAAFC1 = {
						CreatedOnToolsVersion = 13.3;
						TestTargetID = 17104A5C283E907200DAAFC1;
					};
				};
			};
			buildConfigurationList = 17104A58283E907200DAAFC1 /* Build configuration list for PBXProject "WallapopCodingChallenge" */;
			compatibilityVersion = "Xcode 13.0";
			developmentRegion = en;
			hasScannedForEncodings = 0;
			knownRegions = (
				en,
				Base,
			);
			mainGroup = 17104A54283E907200DAAFC1;
			productRefGroup = 17104A5E283E907200DAAFC1 /* Products */;
			projectDirPath = "";
			projectRoot = "";
			targets = (
				17104A5C283E907200DAAFC1 /* WallapopCodingChallenge */,
				17104A72283E907500DAAFC1 /* WallapopCodingChallengeTests */,
				17104A7C283E907500DAAFC1 /* WallapopCodingChallengeUITests */,
			);
		};
/* End PBXProject section */

/* Begin PBXResourcesBuildPhase section */
		17104A5B283E907200DAAFC1 /* Resources */ = {
			isa = PBXResourcesBuildPhase;
			buildActionMask = 2147483647;
			files = (
				170AF6952861D0A300070E05 /* Info.plist in Resources */,
				17DF032E284D0BEA00715C25 /* MarvelComicsMock.json in Resources */,
				17DF032F284D0BEA00715C25 /* MarvelListMock.json in Resources */,
				17DF0330284D0BEA00715C25 /* MarvelListSearchMock.json in Resources */,
				17DF032D284D0BEA00715C25 /* MarvelEventMock.json in Resources */,
				170AF6962861D0AA00070E05 /* MarvelKeys.plist in Resources */,
				17104A6A283E907400DAAFC1 /* Assets.xcassets in Resources */,
				173FE842284C821900723F58 /* SplashScreen.storyboard in Resources */,
			);
			runOnlyForDeploymentPostprocessing = 0;
		};
		17104A71283E907500DAAFC1 /* Resources */ = {
			isa = PBXResourcesBuildPhase;
			buildActionMask = 2147483647;
			files = (
			);
			runOnlyForDeploymentPostprocessing = 0;
		};
		17104A7B283E907500DAAFC1 /* Resources */ = {
			isa = PBXResourcesBuildPhase;
			buildActionMask = 2147483647;
			files = (
			);
			runOnlyForDeploymentPostprocessing = 0;
		};
/* End PBXResourcesBuildPhase section */

/* Begin PBXShellScriptBuildPhase section */
		1D80AC0CB3FB547A5AB43676 /* [CP] Check Pods Manifest.lock */ = {
			isa = PBXShellScriptBuildPhase;
			buildActionMask = 2147483647;
			files = (
			);
			inputFileListPaths = (
			);
			inputPaths = (
				"${PODS_PODFILE_DIR_PATH}/Podfile.lock",
				"${PODS_ROOT}/Manifest.lock",
			);
			name = "[CP] Check Pods Manifest.lock";
			outputFileListPaths = (
			);
			outputPaths = (
				"$(DERIVED_FILE_DIR)/Pods-WallapopCodingChallenge-checkManifestLockResult.txt",
			);
			runOnlyForDeploymentPostprocessing = 0;
			shellPath = /bin/sh;
			shellScript = "diff \"${PODS_PODFILE_DIR_PATH}/Podfile.lock\" \"${PODS_ROOT}/Manifest.lock\" > /dev/null\nif [ $? != 0 ] ; then\n    # print error to STDERR\n    echo \"error: The sandbox is not in sync with the Podfile.lock. Run 'pod install' or update your CocoaPods installation.\" >&2\n    exit 1\nfi\n# This output is used by Xcode 'outputs' to avoid re-running this script phase.\necho \"SUCCESS\" > \"${SCRIPT_OUTPUT_FILE_0}\"\n";
			showEnvVarsInLog = 0;
		};
		7DD80C27E9A77603CEE56589 /* [CP] Check Pods Manifest.lock */ = {
			isa = PBXShellScriptBuildPhase;
			buildActionMask = 2147483647;
			files = (
			);
			inputFileListPaths = (
			);
			inputPaths = (
				"${PODS_PODFILE_DIR_PATH}/Podfile.lock",
				"${PODS_ROOT}/Manifest.lock",
			);
			name = "[CP] Check Pods Manifest.lock";
			outputFileListPaths = (
			);
			outputPaths = (
				"$(DERIVED_FILE_DIR)/Pods-WallapopCodingChallengeTests-checkManifestLockResult.txt",
			);
			runOnlyForDeploymentPostprocessing = 0;
			shellPath = /bin/sh;
			shellScript = "diff \"${PODS_PODFILE_DIR_PATH}/Podfile.lock\" \"${PODS_ROOT}/Manifest.lock\" > /dev/null\nif [ $? != 0 ] ; then\n    # print error to STDERR\n    echo \"error: The sandbox is not in sync with the Podfile.lock. Run 'pod install' or update your CocoaPods installation.\" >&2\n    exit 1\nfi\n# This output is used by Xcode 'outputs' to avoid re-running this script phase.\necho \"SUCCESS\" > \"${SCRIPT_OUTPUT_FILE_0}\"\n";
			showEnvVarsInLog = 0;
		};
		84B7AD120000BC7D6FB14092 /* [CP] Check Pods Manifest.lock */ = {
			isa = PBXShellScriptBuildPhase;
			buildActionMask = 2147483647;
			files = (
			);
			inputFileListPaths = (
			);
			inputPaths = (
				"${PODS_PODFILE_DIR_PATH}/Podfile.lock",
				"${PODS_ROOT}/Manifest.lock",
			);
			name = "[CP] Check Pods Manifest.lock";
			outputFileListPaths = (
			);
			outputPaths = (
				"$(DERIVED_FILE_DIR)/Pods-WallapopCodingChallengeUITests-checkManifestLockResult.txt",
			);
			runOnlyForDeploymentPostprocessing = 0;
			shellPath = /bin/sh;
			shellScript = "diff \"${PODS_PODFILE_DIR_PATH}/Podfile.lock\" \"${PODS_ROOT}/Manifest.lock\" > /dev/null\nif [ $? != 0 ] ; then\n    # print error to STDERR\n    echo \"error: The sandbox is not in sync with the Podfile.lock. Run 'pod install' or update your CocoaPods installation.\" >&2\n    exit 1\nfi\n# This output is used by Xcode 'outputs' to avoid re-running this script phase.\necho \"SUCCESS\" > \"${SCRIPT_OUTPUT_FILE_0}\"\n";
			showEnvVarsInLog = 0;
		};
		8FBD450F50DB66C5B46A9CB1 /* [CP] Embed Pods Frameworks */ = {
			isa = PBXShellScriptBuildPhase;
			buildActionMask = 2147483647;
			files = (
			);
			inputFileListPaths = (
				"${PODS_ROOT}/Target Support Files/Pods-WallapopCodingChallengeUITests/Pods-WallapopCodingChallengeUITests-frameworks-${CONFIGURATION}-input-files.xcfilelist",
			);
			name = "[CP] Embed Pods Frameworks";
			outputFileListPaths = (
				"${PODS_ROOT}/Target Support Files/Pods-WallapopCodingChallengeUITests/Pods-WallapopCodingChallengeUITests-frameworks-${CONFIGURATION}-output-files.xcfilelist",
			);
			runOnlyForDeploymentPostprocessing = 0;
			shellPath = /bin/sh;
			shellScript = "\"${PODS_ROOT}/Target Support Files/Pods-WallapopCodingChallengeUITests/Pods-WallapopCodingChallengeUITests-frameworks.sh\"\n";
			showEnvVarsInLog = 0;
		};
		D2CBB4C6418C37195844C146 /* [CP] Embed Pods Frameworks */ = {
			isa = PBXShellScriptBuildPhase;
			buildActionMask = 2147483647;
			files = (
			);
			inputFileListPaths = (
				"${PODS_ROOT}/Target Support Files/Pods-WallapopCodingChallenge/Pods-WallapopCodingChallenge-frameworks-${CONFIGURATION}-input-files.xcfilelist",
			);
			name = "[CP] Embed Pods Frameworks";
			outputFileListPaths = (
				"${PODS_ROOT}/Target Support Files/Pods-WallapopCodingChallenge/Pods-WallapopCodingChallenge-frameworks-${CONFIGURATION}-output-files.xcfilelist",
			);
			runOnlyForDeploymentPostprocessing = 0;
			shellPath = /bin/sh;
			shellScript = "\"${PODS_ROOT}/Target Support Files/Pods-WallapopCodingChallenge/Pods-WallapopCodingChallenge-frameworks.sh\"\n";
			showEnvVarsInLog = 0;
		};
		FCF7E84CA2F4AB0BE1BDE574 /* [CP] Embed Pods Frameworks */ = {
			isa = PBXShellScriptBuildPhase;
			buildActionMask = 2147483647;
			files = (
			);
			inputFileListPaths = (
				"${PODS_ROOT}/Target Support Files/Pods-WallapopCodingChallengeTests/Pods-WallapopCodingChallengeTests-frameworks-${CONFIGURATION}-input-files.xcfilelist",
			);
			name = "[CP] Embed Pods Frameworks";
			outputFileListPaths = (
				"${PODS_ROOT}/Target Support Files/Pods-WallapopCodingChallengeTests/Pods-WallapopCodingChallengeTests-frameworks-${CONFIGURATION}-output-files.xcfilelist",
			);
			runOnlyForDeploymentPostprocessing = 0;
			shellPath = /bin/sh;
			shellScript = "\"${PODS_ROOT}/Target Support Files/Pods-WallapopCodingChallengeTests/Pods-WallapopCodingChallengeTests-frameworks.sh\"\n";
			showEnvVarsInLog = 0;
		};
/* End PBXShellScriptBuildPhase section */

/* Begin PBXSourcesBuildPhase section */
		17104A59283E907200DAAFC1 /* Sources */ = {
			isa = PBXSourcesBuildPhase;
			buildActionMask = 2147483647;
			files = (
				17DF030E284CFB0800715C25 /* SearchBarComponentProtocol.swift in Sources */,
				173FE87A284CEE1100723F58 /* SearchBarComponent.swift in Sources */,
				17153CEE284284DD00D91A0B /* UIImageView+Extension.swift in Sources */,
				173FE844284C851400723F58 /* SplashScreenViewController.swift in Sources */,
				173FE88E284CF3F000723F58 /* MarvelProvider.swift in Sources */,
				17BCECBD28437D4F008248B5 /* NavigationItem.swift in Sources */,
				173FE87E284CF06200723F58 /* UINavigationController+Extension.swift in Sources */,
				17BCECC128439336008248B5 /* UIFont+Extension.swift in Sources */,
				17DF031C284CFF4A00715C25 /* MarvelCharacterViewModelProtocol.swift in Sources */,
				173FE854284C91AC00723F58 /* Character.swift in Sources */,
				173FE86D284CB79A00723F58 /* MarvelCharacterDetailViewController.swift in Sources */,
				173FE876284CE7F600723F58 /* SearchView.swift in Sources */,
				173FE850284C904400723F58 /* MarvelCharactersListViewModel.swift in Sources */,
				173FE858284C9DF100723F58 /* MarvelCharactersListViewModelProtocol.swift in Sources */,
				173FE840284C806300723F58 /* StoryboardType+Extension.swift in Sources */,
				173FE880284CF11700723F58 /* Data+Extension.swift in Sources */,
				17DF0312284CFC2300715C25 /* MarvelCollectionContainerCollectionViewCell.swift in Sources */,
				17DF031A284CFF2B00715C25 /* MarvelCharacterViewModel.swift in Sources */,
				17153CC528421A3300D91A0B /* ThumbnailModel.swift in Sources */,
				173FE87C284CEE3000723F58 /* SearchBarTextField.swift in Sources */,
				17104A65283E907200DAAFC1 /* MarvelCharactersListViewController.swift in Sources */,
				17DF0316284CFCDE00715C25 /* CharacterImageCollectionViewCell.swift in Sources */,
				17BCECBF28437D8D008248B5 /* NavigableViewController.swift in Sources */,
				17DF031E284CFF7C00715C25 /* MarvelWebViewController.swift in Sources */,
				173FE88C284CF39B00723F58 /* AdditionalInfoList.swift in Sources */,
				173FE894284CF84800723F58 /* MarvelCharacterCollectionViewCell.swift in Sources */,
				17104A61283E907200DAAFC1 /* AppDelegate.swift in Sources */,
				173FE86F284CBAAC00723F58 /* NSAttributedString+Extension.swift in Sources */,
				17DF0344284D3DBB00715C25 /* Documentation.docc in Sources */,
				17DF0310284CFB9100715C25 /* MainCharacterInfoCollectionViewCell.swift in Sources */,
				17153CCA28421D0200D91A0B /* ComicModel.swift in Sources */,
				17DF0322284D046B00715C25 /* FlowStartingPoint.swift in Sources */,
				173FE886284CF31200723F58 /* MarvelImage.swift in Sources */,
				173FE882284CF14500723F58 /* UIViewController+Extension.swift in Sources */,
				17104A92283E9CA900DAAFC1 /* Credentials.swift in Sources */,
				173FE878284CE89700723F58 /* SearchBarView.swift in Sources */,
				1732C79B2846672D0032E1C6 /* UIColor+Extension.swift in Sources */,
				173FE884284CF2EE00723F58 /* AdditionalInfo.swift in Sources */,
				17DF0314284CFCA900715C25 /* SectionHeaderTitleCollectionReusableView.swift in Sources */,
				173FE88A284CF37200723F58 /* CharacterList.swift in Sources */,
				173FE888284CF35400723F58 /* ExternalLinks.swift in Sources */,
				17DF030C284CFAE500715C25 /* MarvelComicCollectionViewCell.swift in Sources */,
				17153CE22842530900D91A0B /* UIView+Extension.swift in Sources */,
			);
			runOnlyForDeploymentPostprocessing = 0;
		};
		17104A6F283E907500DAAFC1 /* Sources */ = {
			isa = PBXSourcesBuildPhase;
			buildActionMask = 2147483647;
			files = (
				17DF0325284D0AE400715C25 /* MarvelCharactersListTests.swift in Sources */,
				17DF0327284D0B9000715C25 /* MarvelCharacterDetailTests.swift in Sources */,
			);
			runOnlyForDeploymentPostprocessing = 0;
		};
		17104A79283E907500DAAFC1 /* Sources */ = {
			isa = PBXSourcesBuildPhase;
			buildActionMask = 2147483647;
			files = (
				17104A84283E907500DAAFC1 /* WallapopCodingChallengeUITestsLaunchTests.swift in Sources */,
				17104A82283E907500DAAFC1 /* WallapopCodingChallengeUITests.swift in Sources */,
			);
			runOnlyForDeploymentPostprocessing = 0;
		};
/* End PBXSourcesBuildPhase section */

/* Begin PBXTargetDependency section */
		17104A75283E907500DAAFC1 /* PBXTargetDependency */ = {
			isa = PBXTargetDependency;
			target = 17104A5C283E907200DAAFC1 /* WallapopCodingChallenge */;
			targetProxy = 17104A74283E907500DAAFC1 /* PBXContainerItemProxy */;
		};
		17104A7F283E907500DAAFC1 /* PBXTargetDependency */ = {
			isa = PBXTargetDependency;
			target = 17104A5C283E907200DAAFC1 /* WallapopCodingChallenge */;
			targetProxy = 17104A7E283E907500DAAFC1 /* PBXContainerItemProxy */;
		};
/* End PBXTargetDependency section */

/* Begin XCBuildConfiguration section */
		17104A85283E907500DAAFC1 /* Debug */ = {
			isa = XCBuildConfiguration;
			buildSettings = {
				ALWAYS_SEARCH_USER_PATHS = NO;
				CLANG_ANALYZER_NONNULL = YES;
				CLANG_ANALYZER_NUMBER_OBJECT_CONVERSION = YES_AGGRESSIVE;
				CLANG_CXX_LANGUAGE_STANDARD = "gnu++17";
				CLANG_ENABLE_MODULES = YES;
				CLANG_ENABLE_OBJC_ARC = YES;
				CLANG_ENABLE_OBJC_WEAK = YES;
				CLANG_WARN_BLOCK_CAPTURE_AUTORELEASING = YES;
				CLANG_WARN_BOOL_CONVERSION = YES;
				CLANG_WARN_COMMA = YES;
				CLANG_WARN_CONSTANT_CONVERSION = YES;
				CLANG_WARN_DEPRECATED_OBJC_IMPLEMENTATIONS = YES;
				CLANG_WARN_DIRECT_OBJC_ISA_USAGE = YES_ERROR;
				CLANG_WARN_DOCUMENTATION_COMMENTS = YES;
				CLANG_WARN_EMPTY_BODY = YES;
				CLANG_WARN_ENUM_CONVERSION = YES;
				CLANG_WARN_INFINITE_RECURSION = YES;
				CLANG_WARN_INT_CONVERSION = YES;
				CLANG_WARN_NON_LITERAL_NULL_CONVERSION = YES;
				CLANG_WARN_OBJC_IMPLICIT_RETAIN_SELF = YES;
				CLANG_WARN_OBJC_LITERAL_CONVERSION = YES;
				CLANG_WARN_OBJC_ROOT_CLASS = YES_ERROR;
				CLANG_WARN_QUOTED_INCLUDE_IN_FRAMEWORK_HEADER = YES;
				CLANG_WARN_RANGE_LOOP_ANALYSIS = YES;
				CLANG_WARN_STRICT_PROTOTYPES = YES;
				CLANG_WARN_SUSPICIOUS_MOVE = YES;
				CLANG_WARN_UNGUARDED_AVAILABILITY = YES_AGGRESSIVE;
				CLANG_WARN_UNREACHABLE_CODE = YES;
				CLANG_WARN__DUPLICATE_METHOD_MATCH = YES;
				COPY_PHASE_STRIP = NO;
				DEBUG_INFORMATION_FORMAT = dwarf;
				ENABLE_STRICT_OBJC_MSGSEND = YES;
				ENABLE_TESTABILITY = YES;
				GCC_C_LANGUAGE_STANDARD = gnu11;
				GCC_DYNAMIC_NO_PIC = NO;
				GCC_NO_COMMON_BLOCKS = YES;
				GCC_OPTIMIZATION_LEVEL = 0;
				GCC_PREPROCESSOR_DEFINITIONS = (
					"DEBUG=1",
					"$(inherited)",
				);
				GCC_WARN_64_TO_32_BIT_CONVERSION = YES;
				GCC_WARN_ABOUT_RETURN_TYPE = YES_ERROR;
				GCC_WARN_UNDECLARED_SELECTOR = YES;
				GCC_WARN_UNINITIALIZED_AUTOS = YES_AGGRESSIVE;
				GCC_WARN_UNUSED_FUNCTION = YES;
				GCC_WARN_UNUSED_VARIABLE = YES;
				IPHONEOS_DEPLOYMENT_TARGET = 13.0;
				MTL_ENABLE_DEBUG_INFO = INCLUDE_SOURCE;
				MTL_FAST_MATH = YES;
				ONLY_ACTIVE_ARCH = YES;
				SDKROOT = iphoneos;
				SWIFT_ACTIVE_COMPILATION_CONDITIONS = DEBUG;
				SWIFT_OPTIMIZATION_LEVEL = "-Onone";
			};
			name = Debug;
		};
		17104A86283E907500DAAFC1 /* Release */ = {
			isa = XCBuildConfiguration;
			buildSettings = {
				ALWAYS_SEARCH_USER_PATHS = NO;
				CLANG_ANALYZER_NONNULL = YES;
				CLANG_ANALYZER_NUMBER_OBJECT_CONVERSION = YES_AGGRESSIVE;
				CLANG_CXX_LANGUAGE_STANDARD = "gnu++17";
				CLANG_ENABLE_MODULES = YES;
				CLANG_ENABLE_OBJC_ARC = YES;
				CLANG_ENABLE_OBJC_WEAK = YES;
				CLANG_WARN_BLOCK_CAPTURE_AUTORELEASING = YES;
				CLANG_WARN_BOOL_CONVERSION = YES;
				CLANG_WARN_COMMA = YES;
				CLANG_WARN_CONSTANT_CONVERSION = YES;
				CLANG_WARN_DEPRECATED_OBJC_IMPLEMENTATIONS = YES;
				CLANG_WARN_DIRECT_OBJC_ISA_USAGE = YES_ERROR;
				CLANG_WARN_DOCUMENTATION_COMMENTS = YES;
				CLANG_WARN_EMPTY_BODY = YES;
				CLANG_WARN_ENUM_CONVERSION = YES;
				CLANG_WARN_INFINITE_RECURSION = YES;
				CLANG_WARN_INT_CONVERSION = YES;
				CLANG_WARN_NON_LITERAL_NULL_CONVERSION = YES;
				CLANG_WARN_OBJC_IMPLICIT_RETAIN_SELF = YES;
				CLANG_WARN_OBJC_LITERAL_CONVERSION = YES;
				CLANG_WARN_OBJC_ROOT_CLASS = YES_ERROR;
				CLANG_WARN_QUOTED_INCLUDE_IN_FRAMEWORK_HEADER = YES;
				CLANG_WARN_RANGE_LOOP_ANALYSIS = YES;
				CLANG_WARN_STRICT_PROTOTYPES = YES;
				CLANG_WARN_SUSPICIOUS_MOVE = YES;
				CLANG_WARN_UNGUARDED_AVAILABILITY = YES_AGGRESSIVE;
				CLANG_WARN_UNREACHABLE_CODE = YES;
				CLANG_WARN__DUPLICATE_METHOD_MATCH = YES;
				COPY_PHASE_STRIP = NO;
				DEBUG_INFORMATION_FORMAT = "dwarf-with-dsym";
				ENABLE_NS_ASSERTIONS = NO;
				ENABLE_STRICT_OBJC_MSGSEND = YES;
				GCC_C_LANGUAGE_STANDARD = gnu11;
				GCC_NO_COMMON_BLOCKS = YES;
				GCC_WARN_64_TO_32_BIT_CONVERSION = YES;
				GCC_WARN_ABOUT_RETURN_TYPE = YES_ERROR;
				GCC_WARN_UNDECLARED_SELECTOR = YES;
				GCC_WARN_UNINITIALIZED_AUTOS = YES_AGGRESSIVE;
				GCC_WARN_UNUSED_FUNCTION = YES;
				GCC_WARN_UNUSED_VARIABLE = YES;
				IPHONEOS_DEPLOYMENT_TARGET = 13.0;
				MTL_ENABLE_DEBUG_INFO = NO;
				MTL_FAST_MATH = YES;
				SDKROOT = iphoneos;
				SWIFT_COMPILATION_MODE = wholemodule;
				SWIFT_OPTIMIZATION_LEVEL = "-O";
				VALIDATE_PRODUCT = YES;
			};
			name = Release;
		};
		17104A88283E907500DAAFC1 /* Debug */ = {
			isa = XCBuildConfiguration;
			baseConfigurationReference = EED047D1FBDA0EEDCFE08FD5 /* Pods-WallapopCodingChallenge.debug.xcconfig */;
			buildSettings = {
				ASSETCATALOG_COMPILER_APPICON_NAME = AppIcon;
				ASSETCATALOG_COMPILER_GLOBAL_ACCENT_COLOR_NAME = AccentColor;
				CODE_SIGN_STYLE = Automatic;
				CURRENT_PROJECT_VERSION = 1;
				GENERATE_INFOPLIST_FILE = YES;
				INFOPLIST_FILE = WallapopCodingChallenge/Info.plist;
				INFOPLIST_KEY_UIApplicationSupportsIndirectInputEvents = YES;
				INFOPLIST_KEY_UILaunchStoryboardName = SplashScreen;
				INFOPLIST_KEY_UISupportedInterfaceOrientations_iPad = "UIInterfaceOrientationPortrait UIInterfaceOrientationPortraitUpsideDown UIInterfaceOrientationLandscapeLeft UIInterfaceOrientationLandscapeRight";
				INFOPLIST_KEY_UISupportedInterfaceOrientations_iPhone = "UIInterfaceOrientationPortrait UIInterfaceOrientationLandscapeLeft UIInterfaceOrientationLandscapeRight";
				IPHONEOS_DEPLOYMENT_TARGET = 13.0;
				LD_RUNPATH_SEARCH_PATHS = (
					"$(inherited)",
					"@executable_path/Frameworks",
				);
				MARKETING_VERSION = 1.0;
				PRODUCT_BUNDLE_IDENTIFIER = com.napps.WallapopCodingChallenge;
				PRODUCT_NAME = "$(TARGET_NAME)";
				SWIFT_EMIT_LOC_STRINGS = YES;
				SWIFT_VERSION = 5.0;
				TARGETED_DEVICE_FAMILY = "1,2";
			};
			name = Debug;
		};
		17104A89283E907500DAAFC1 /* Release */ = {
			isa = XCBuildConfiguration;
			baseConfigurationReference = 0F0FAD2F94DAB6D15529B286 /* Pods-WallapopCodingChallenge.release.xcconfig */;
			buildSettings = {
				ASSETCATALOG_COMPILER_APPICON_NAME = AppIcon;
				ASSETCATALOG_COMPILER_GLOBAL_ACCENT_COLOR_NAME = AccentColor;
				CODE_SIGN_STYLE = Automatic;
				CURRENT_PROJECT_VERSION = 1;
				GENERATE_INFOPLIST_FILE = YES;
				INFOPLIST_FILE = WallapopCodingChallenge/Info.plist;
				INFOPLIST_KEY_UIApplicationSupportsIndirectInputEvents = YES;
				INFOPLIST_KEY_UILaunchStoryboardName = SplashScreen;
				INFOPLIST_KEY_UISupportedInterfaceOrientations_iPad = "UIInterfaceOrientationPortrait UIInterfaceOrientationPortraitUpsideDown UIInterfaceOrientationLandscapeLeft UIInterfaceOrientationLandscapeRight";
				INFOPLIST_KEY_UISupportedInterfaceOrientations_iPhone = "UIInterfaceOrientationPortrait UIInterfaceOrientationLandscapeLeft UIInterfaceOrientationLandscapeRight";
				IPHONEOS_DEPLOYMENT_TARGET = 13.0;
				LD_RUNPATH_SEARCH_PATHS = (
					"$(inherited)",
					"@executable_path/Frameworks",
				);
				MARKETING_VERSION = 1.0;
				PRODUCT_BUNDLE_IDENTIFIER = com.napps.WallapopCodingChallenge;
				PRODUCT_NAME = "$(TARGET_NAME)";
				SWIFT_EMIT_LOC_STRINGS = YES;
				SWIFT_VERSION = 5.0;
				TARGETED_DEVICE_FAMILY = "1,2";
			};
			name = Release;
		};
		17104A8B283E907500DAAFC1 /* Debug */ = {
			isa = XCBuildConfiguration;
			baseConfigurationReference = 788E3516FC77AD6200C2F17D /* Pods-WallapopCodingChallengeTests.debug.xcconfig */;
			buildSettings = {
				ALWAYS_EMBED_SWIFT_STANDARD_LIBRARIES = YES;
				BUNDLE_LOADER = "$(TEST_HOST)";
				CODE_SIGN_STYLE = Automatic;
				CURRENT_PROJECT_VERSION = 1;
				GENERATE_INFOPLIST_FILE = YES;
				IPHONEOS_DEPLOYMENT_TARGET = 15.4;
				MARKETING_VERSION = 1.0;
				PRODUCT_BUNDLE_IDENTIFIER = com.napps.WallapopCodingChallengeTests;
				PRODUCT_NAME = "$(TARGET_NAME)";
				SWIFT_EMIT_LOC_STRINGS = NO;
				SWIFT_VERSION = 5.0;
				TARGETED_DEVICE_FAMILY = "1,2";
				TEST_HOST = "$(BUILT_PRODUCTS_DIR)/WallapopCodingChallenge.app/WallapopCodingChallenge";
			};
			name = Debug;
		};
		17104A8C283E907500DAAFC1 /* Release */ = {
			isa = XCBuildConfiguration;
			baseConfigurationReference = D0A3E0C36E4668FD3C52F8AB /* Pods-WallapopCodingChallengeTests.release.xcconfig */;
			buildSettings = {
				ALWAYS_EMBED_SWIFT_STANDARD_LIBRARIES = YES;
				BUNDLE_LOADER = "$(TEST_HOST)";
				CODE_SIGN_STYLE = Automatic;
				CURRENT_PROJECT_VERSION = 1;
				GENERATE_INFOPLIST_FILE = YES;
				IPHONEOS_DEPLOYMENT_TARGET = 15.4;
				MARKETING_VERSION = 1.0;
				PRODUCT_BUNDLE_IDENTIFIER = com.napps.WallapopCodingChallengeTests;
				PRODUCT_NAME = "$(TARGET_NAME)";
				SWIFT_EMIT_LOC_STRINGS = NO;
				SWIFT_VERSION = 5.0;
				TARGETED_DEVICE_FAMILY = "1,2";
				TEST_HOST = "$(BUILT_PRODUCTS_DIR)/WallapopCodingChallenge.app/WallapopCodingChallenge";
			};
			name = Release;
		};
		17104A8E283E907500DAAFC1 /* Debug */ = {
			isa = XCBuildConfiguration;
			baseConfigurationReference = CD3360FE0419CA5FE0306B0A /* Pods-WallapopCodingChallengeUITests.debug.xcconfig */;
			buildSettings = {
				ALWAYS_EMBED_SWIFT_STANDARD_LIBRARIES = YES;
				CODE_SIGN_STYLE = Automatic;
				CURRENT_PROJECT_VERSION = 1;
				GENERATE_INFOPLIST_FILE = YES;
				MARKETING_VERSION = 1.0;
				PRODUCT_BUNDLE_IDENTIFIER = com.napps.WallapopCodingChallengeUITests;
				PRODUCT_NAME = "$(TARGET_NAME)";
				SWIFT_EMIT_LOC_STRINGS = NO;
				SWIFT_VERSION = 5.0;
				TARGETED_DEVICE_FAMILY = "1,2";
				TEST_TARGET_NAME = WallapopCodingChallenge;
			};
			name = Debug;
		};
		17104A8F283E907500DAAFC1 /* Release */ = {
			isa = XCBuildConfiguration;
			baseConfigurationReference = 4711E53BD1F2A9A048751D3D /* Pods-WallapopCodingChallengeUITests.release.xcconfig */;
			buildSettings = {
				ALWAYS_EMBED_SWIFT_STANDARD_LIBRARIES = YES;
				CODE_SIGN_STYLE = Automatic;
				CURRENT_PROJECT_VERSION = 1;
				GENERATE_INFOPLIST_FILE = YES;
				MARKETING_VERSION = 1.0;
				PRODUCT_BUNDLE_IDENTIFIER = com.napps.WallapopCodingChallengeUITests;
				PRODUCT_NAME = "$(TARGET_NAME)";
				SWIFT_EMIT_LOC_STRINGS = NO;
				SWIFT_VERSION = 5.0;
				TARGETED_DEVICE_FAMILY = "1,2";
				TEST_TARGET_NAME = WallapopCodingChallenge;
			};
			name = Release;
		};
/* End XCBuildConfiguration section */

/* Begin XCConfigurationList section */
		17104A58283E907200DAAFC1 /* Build configuration list for PBXProject "WallapopCodingChallenge" */ = {
			isa = XCConfigurationList;
			buildConfigurations = (
				17104A85283E907500DAAFC1 /* Debug */,
				17104A86283E907500DAAFC1 /* Release */,
			);
			defaultConfigurationIsVisible = 0;
			defaultConfigurationName = Release;
		};
		17104A87283E907500DAAFC1 /* Build configuration list for PBXNativeTarget "WallapopCodingChallenge" */ = {
			isa = XCConfigurationList;
			buildConfigurations = (
				17104A88283E907500DAAFC1 /* Debug */,
				17104A89283E907500DAAFC1 /* Release */,
			);
			defaultConfigurationIsVisible = 0;
			defaultConfigurationName = Release;
		};
		17104A8A283E907500DAAFC1 /* Build configuration list for PBXNativeTarget "WallapopCodingChallengeTests" */ = {
			isa = XCConfigurationList;
			buildConfigurations = (
				17104A8B283E907500DAAFC1 /* Debug */,
				17104A8C283E907500DAAFC1 /* Release */,
			);
			defaultConfigurationIsVisible = 0;
			defaultConfigurationName = Release;
		};
		17104A8D283E907500DAAFC1 /* Build configuration list for PBXNativeTarget "WallapopCodingChallengeUITests" */ = {
			isa = XCConfigurationList;
			buildConfigurations = (
				17104A8E283E907500DAAFC1 /* Debug */,
				17104A8F283E907500DAAFC1 /* Release */,
			);
			defaultConfigurationIsVisible = 0;
			defaultConfigurationName = Release;
		};
/* End XCConfigurationList section */
	};
	rootObject = 17104A55283E907200DAAFC1 /* Project object */;
}
